// !$*UTF8*$!
{
	archiveVersion = 1;
	classes = {
	};
	objectVersion = 50;
	objects = {

/* Begin PBXBuildFile section */
		24231F032688D4AC0086662C /* IngredientsView.swift in Sources */ = {isa = PBXBuildFile; fileRef = 24231F022688D4AC0086662C /* IngredientsView.swift */; };
		24231F052688D5FC0086662C /* InstructionsView.swift in Sources */ = {isa = PBXBuildFile; fileRef = 24231F042688D5FC0086662C /* InstructionsView.swift */; };
		24256EFB26A0DC5500AF7943 /* SearchViewController.swift in Sources */ = {isa = PBXBuildFile; fileRef = 24256EFA26A0DC5500AF7943 /* SearchViewController.swift */; };
		24256EFD26A0DCDE00AF7943 /* SearchViewModel.swift in Sources */ = {isa = PBXBuildFile; fileRef = 24256EFC26A0DCDE00AF7943 /* SearchViewModel.swift */; };
		24256EFF26A0DD3100AF7943 /* SearchRoute.swift in Sources */ = {isa = PBXBuildFile; fileRef = 24256EFE26A0DD3100AF7943 /* SearchRoute.swift */; };
		24256F0126A0DDCF00AF7943 /* SearchViewControllerFactory.swift in Sources */ = {isa = PBXBuildFile; fileRef = 24256F0026A0DDCF00AF7943 /* SearchViewControllerFactory.swift */; };
		24604942266934690074E0E7 /* CocktailsApiService.framework in Frameworks */ = {isa = PBXBuildFile; fileRef = 2460492D266933E50074E0E7 /* CocktailsApiService.framework */; };
		24604943266934690074E0E7 /* CocktailsApiService.framework in Embed Frameworks */ = {isa = PBXBuildFile; fileRef = 2460492D266933E50074E0E7 /* CocktailsApiService.framework */; settings = {ATTRIBUTES = (CodeSignOnCopy, RemoveHeadersOnCopy, ); }; };
		24715F8B26851D100009278A /* NullStore.swift in Sources */ = {isa = PBXBuildFile; fileRef = 24715F8A26851D100009278A /* NullStore.swift */; };
		24715F8D268522700009278A /* CocktailsCache.swift in Sources */ = {isa = PBXBuildFile; fileRef = 24715F8C268522700009278A /* CocktailsCache.swift */; };
		24715F90268530C50009278A /* DrinkStore.framework in Frameworks */ = {isa = PBXBuildFile; fileRef = 24715F3E2685141F0009278A /* DrinkStore.framework */; };
		24715F9B268537590009278A /* CocktailsManager.swift in Sources */ = {isa = PBXBuildFile; fileRef = 24715F9A268537590009278A /* CocktailsManager.swift */; };
		24715F9D268538DC0009278A /* FavoriteDrink.swift in Sources */ = {isa = PBXBuildFile; fileRef = 24715F9C268538DC0009278A /* FavoriteDrink.swift */; };
		2496684F268791E000415255 /* FavoritesViewControllerFactory.swift in Sources */ = {isa = PBXBuildFile; fileRef = 2496684E268791E000415255 /* FavoritesViewControllerFactory.swift */; };
		24966851268798D400415255 /* FavoriteDataSource.swift in Sources */ = {isa = PBXBuildFile; fileRef = 24966850268798D400415255 /* FavoriteDataSource.swift */; };
		2497CD9926828EE8002B8F0D /* MainViewController.swift in Sources */ = {isa = PBXBuildFile; fileRef = 2497CD9826828EE8002B8F0D /* MainViewController.swift */; };
		2497CD9C268295CA002B8F0D /* DrinkCellView.swift in Sources */ = {isa = PBXBuildFile; fileRef = 2497CD9B268295CA002B8F0D /* DrinkCellView.swift */; };
		2497CDA22682963E002B8F0D /* NewBannerSupplementaryView.xib in Resources */ = {isa = PBXBuildFile; fileRef = 2497CD9D2682963E002B8F0D /* NewBannerSupplementaryView.xib */; };
		2497CDA32682963E002B8F0D /* HeaderSupplementaryView.swift in Sources */ = {isa = PBXBuildFile; fileRef = 2497CD9E2682963E002B8F0D /* HeaderSupplementaryView.swift */; };
		2497CDA42682963E002B8F0D /* BackgroundDecorationView.swift in Sources */ = {isa = PBXBuildFile; fileRef = 2497CD9F2682963E002B8F0D /* BackgroundDecorationView.swift */; };
		2497CDA52682963E002B8F0D /* HeaderSupplementaryView.xib in Resources */ = {isa = PBXBuildFile; fileRef = 2497CDA02682963E002B8F0D /* HeaderSupplementaryView.xib */; };
		2497CDA62682963E002B8F0D /* NewBannerSupplementaryView.swift in Sources */ = {isa = PBXBuildFile; fileRef = 2497CDA12682963E002B8F0D /* NewBannerSupplementaryView.swift */; };
		2497CDA826829B75002B8F0D /* MainDataSource.swift in Sources */ = {isa = PBXBuildFile; fileRef = 2497CDA726829B75002B8F0D /* MainDataSource.swift */; };
		2497CDB92682A20F002B8F0D /* Drink.swift in Sources */ = {isa = PBXBuildFile; fileRef = 2497CDB82682A20F002B8F0D /* Drink.swift */; };
		24A21DC4266AB38400F3F23A /* MainTabBarControllerFactory.swift in Sources */ = {isa = PBXBuildFile; fileRef = 24A21DC3266AB38400F3F23A /* MainTabBarControllerFactory.swift */; };
		24B7FDF22684B5E300E4ED14 /* DrinkDetailsViewController.swift in Sources */ = {isa = PBXBuildFile; fileRef = 24B7FDF12684B5E300E4ED14 /* DrinkDetailsViewController.swift */; };
		24B7FDF42684B64800E4ED14 /* DrinkDetailsViewModel.swift in Sources */ = {isa = PBXBuildFile; fileRef = 24B7FDF32684B64800E4ED14 /* DrinkDetailsViewModel.swift */; };
		24BA410626690BE10062F62E /* AppDelegate.swift in Sources */ = {isa = PBXBuildFile; fileRef = 24BA410526690BE10062F62E /* AppDelegate.swift */; };
		24BA410826690BE10062F62E /* SceneDelegate.swift in Sources */ = {isa = PBXBuildFile; fileRef = 24BA410726690BE10062F62E /* SceneDelegate.swift */; };
		24BA410A26690BE10062F62E /* ViewController.swift in Sources */ = {isa = PBXBuildFile; fileRef = 24BA410926690BE10062F62E /* ViewController.swift */; };
		24BA410D26690BE10062F62E /* Main.storyboard in Resources */ = {isa = PBXBuildFile; fileRef = 24BA410B26690BE10062F62E /* Main.storyboard */; };
		24BA410F26690BE30062F62E /* Assets.xcassets in Resources */ = {isa = PBXBuildFile; fileRef = 24BA410E26690BE30062F62E /* Assets.xcassets */; };
		24BA411226690BE30062F62E /* LaunchScreen.storyboard in Resources */ = {isa = PBXBuildFile; fileRef = 24BA411026690BE30062F62E /* LaunchScreen.storyboard */; };
		24BA411D26690BE30062F62E /* BartenderAppTests.swift in Sources */ = {isa = PBXBuildFile; fileRef = 24BA411C26690BE30062F62E /* BartenderAppTests.swift */; };
		24BA412826690BE30062F62E /* BartenderAppUITests.swift in Sources */ = {isa = PBXBuildFile; fileRef = 24BA412726690BE30062F62E /* BartenderAppUITests.swift */; };
		24CBF84826848D3C002C011B /* DrinkRoute.swift in Sources */ = {isa = PBXBuildFile; fileRef = 24CBF84726848D3C002C011B /* DrinkRoute.swift */; };
		24CBF84926848DEE002C011B /* CommonRouting.framework in Frameworks */ = {isa = PBXBuildFile; fileRef = 24CBF82C26848C3B002C011B /* CommonRouting.framework */; };
		24CBF84A26848DEE002C011B /* CommonRouting.framework in Embed Frameworks */ = {isa = PBXBuildFile; fileRef = 24CBF82C26848C3B002C011B /* CommonRouting.framework */; settings = {ATTRIBUTES = (CodeSignOnCopy, RemoveHeadersOnCopy, ); }; };
		24CBF84E26848FC3002C011B /* DrinkDetailsViewControllerFactory.swift in Sources */ = {isa = PBXBuildFile; fileRef = 24CBF84D26848FC3002C011B /* DrinkDetailsViewControllerFactory.swift */; };
		24E468CB266A47A2005E9A7E /* AppDependencies.swift in Sources */ = {isa = PBXBuildFile; fileRef = 24E468CA266A47A1005E9A7E /* AppDependencies.swift */; };
		24E468D2266A48F4005E9A7E /* BartenderAppDependencies.swift in Sources */ = {isa = PBXBuildFile; fileRef = 24E468D1266A48F4005E9A7E /* BartenderAppDependencies.swift */; };
		24E468D7266A4B71005E9A7E /* MainViewControllerFactory.swift in Sources */ = {isa = PBXBuildFile; fileRef = 24E468D6266A4B71005E9A7E /* MainViewControllerFactory.swift */; };
		24E468E1266A5620005E9A7E /* MainViewModel.swift in Sources */ = {isa = PBXBuildFile; fileRef = 24E468E0266A5620005E9A7E /* MainViewModel.swift */; };
		24E468EB266A58AB005E9A7E /* CocktailsLoader.swift in Sources */ = {isa = PBXBuildFile; fileRef = 24E468EA266A58AB005E9A7E /* CocktailsLoader.swift */; };
		24E468F0266A596D005E9A7E /* RemoteCocktailsLoader.swift in Sources */ = {isa = PBXBuildFile; fileRef = 24E468EF266A596D005E9A7E /* RemoteCocktailsLoader.swift */; };
		24E468F6266A5BDA005E9A7E /* LocalCocktailsLoader.swift in Sources */ = {isa = PBXBuildFile; fileRef = 24E468F5266A5BDA005E9A7E /* LocalCocktailsLoader.swift */; };
		24E468FA266A5C86005E9A7E /* CompositeFallbackCocktailsLoader.swift in Sources */ = {isa = PBXBuildFile; fileRef = 24E468F9266A5C86005E9A7E /* CompositeFallbackCocktailsLoader.swift */; };
		24E469A7266A68E0005E9A7E /* CommonUI.framework in Frameworks */ = {isa = PBXBuildFile; fileRef = 24E4699C266A6884005E9A7E /* CommonUI.framework */; };
		24E469A8266A68E0005E9A7E /* CommonUI.framework in Embed Frameworks */ = {isa = PBXBuildFile; fileRef = 24E4699C266A6884005E9A7E /* CommonUI.framework */; settings = {ATTRIBUTES = (CodeSignOnCopy, RemoveHeadersOnCopy, ); }; };
		24EE41802683773500EB07B7 /* Media.xcassets in Resources */ = {isa = PBXBuildFile; fileRef = 24EE417F2683773500EB07B7 /* Media.xcassets */; };
		24EE419E2683821700EB07B7 /* ImageFeature.framework in Frameworks */ = {isa = PBXBuildFile; fileRef = 24EE4194268381D400EB07B7 /* ImageFeature.framework */; };
		24EE419F2683821700EB07B7 /* ImageFeature.framework in Embed Frameworks */ = {isa = PBXBuildFile; fileRef = 24EE4194268381D400EB07B7 /* ImageFeature.framework */; settings = {ATTRIBUTES = (CodeSignOnCopy, RemoveHeadersOnCopy, ); }; };
/* End PBXBuildFile section */

/* Begin PBXContainerItemProxy section */
		246048EB266932B90074E0E7 /* PBXContainerItemProxy */ = {
			isa = PBXContainerItemProxy;
			containerPortal = 246048E6266932B90074E0E7 /* NetworkingService.xcodeproj */;
			proxyType = 2;
			remoteGlobalIDString = 24C8D9D12632DE2E00887D44;
			remoteInfo = NetworkingService;
		};
		246048ED266932B90074E0E7 /* PBXContainerItemProxy */ = {
			isa = PBXContainerItemProxy;
			containerPortal = 246048E6266932B90074E0E7 /* NetworkingService.xcodeproj */;
			proxyType = 2;
			remoteGlobalIDString = 24C8D9DA2632DE2E00887D44;
			remoteInfo = NetworkingServiceTests;
		};
		2460492C266933E50074E0E7 /* PBXContainerItemProxy */ = {
			isa = PBXContainerItemProxy;
			containerPortal = 24604927266933E50074E0E7 /* CocktailsApiService.xcodeproj */;
			proxyType = 2;
			remoteGlobalIDString = 2460490B266933D20074E0E7;
			remoteInfo = CocktailsApiService;
		};
		2460492E266933E50074E0E7 /* PBXContainerItemProxy */ = {
			isa = PBXContainerItemProxy;
			containerPortal = 24604927266933E50074E0E7 /* CocktailsApiService.xcodeproj */;
			proxyType = 2;
			remoteGlobalIDString = 24604914266933D20074E0E7;
			remoteInfo = CocktailsApiServiceTests;
		};
		24715F3D2685141F0009278A /* PBXContainerItemProxy */ = {
			isa = PBXContainerItemProxy;
			containerPortal = 24715F312685141F0009278A /* DrinkStore.xcodeproj */;
			proxyType = 2;
			remoteGlobalIDString = 24715F17268513DE0009278A;
			remoteInfo = DrinkStore;
		};
		24715F3F2685141F0009278A /* PBXContainerItemProxy */ = {
			isa = PBXContainerItemProxy;
			containerPortal = 24715F312685141F0009278A /* DrinkStore.xcodeproj */;
			proxyType = 2;
			remoteGlobalIDString = 24715F20268513DE0009278A;
			remoteInfo = DrinkStoreTests;
		};
		24715F4A268514E50009278A /* PBXContainerItemProxy */ = {
			isa = PBXContainerItemProxy;
			containerPortal = 24715F45268514E50009278A /* GenericStore.xcodeproj */;
			proxyType = 2;
			remoteGlobalIDString = 24411C772646FD4E00C3CA21;
			remoteInfo = GenericStore;
		};
		24715F4C268514E50009278A /* PBXContainerItemProxy */ = {
			isa = PBXContainerItemProxy;
			containerPortal = 24715F45268514E50009278A /* GenericStore.xcodeproj */;
			proxyType = 2;
			remoteGlobalIDString = 24411C802646FD4F00C3CA21;
			remoteInfo = GenericStoreTests;
		};
		24BA411926690BE30062F62E /* PBXContainerItemProxy */ = {
			isa = PBXContainerItemProxy;
			containerPortal = 24BA40FA26690BE10062F62E /* Project object */;
			proxyType = 1;
			remoteGlobalIDString = 24BA410126690BE10062F62E;
			remoteInfo = BartenderApp;
		};
		24BA412426690BE30062F62E /* PBXContainerItemProxy */ = {
			isa = PBXContainerItemProxy;
			containerPortal = 24BA40FA26690BE10062F62E /* Project object */;
			proxyType = 1;
			remoteGlobalIDString = 24BA410126690BE10062F62E;
			remoteInfo = BartenderApp;
		};
		24CBF82B26848C3B002C011B /* PBXContainerItemProxy */ = {
			isa = PBXContainerItemProxy;
			containerPortal = 24CBF82426848C3B002C011B /* CommonRouting.xcodeproj */;
			proxyType = 2;
			remoteGlobalIDString = 24CBF80A26848C22002C011B;
			remoteInfo = CommonRouting;
		};
		24CBF82D26848C3B002C011B /* PBXContainerItemProxy */ = {
			isa = PBXContainerItemProxy;
			containerPortal = 24CBF82426848C3B002C011B /* CommonRouting.xcodeproj */;
			proxyType = 2;
			remoteGlobalIDString = 24CBF81326848C22002C011B;
			remoteInfo = CommonRoutingTests;
		};
		24CBF84B26848E87002C011B /* PBXContainerItemProxy */ = {
			isa = PBXContainerItemProxy;
			containerPortal = 24CBF82426848C3B002C011B /* CommonRouting.xcodeproj */;
			proxyType = 1;
			remoteGlobalIDString = 24CBF80926848C22002C011B;
			remoteInfo = CommonRouting;
		};
		24E4699B266A6884005E9A7E /* PBXContainerItemProxy */ = {
			isa = PBXContainerItemProxy;
			containerPortal = 24E46996266A6884005E9A7E /* CommonUI.xcodeproj */;
			proxyType = 2;
			remoteGlobalIDString = 24FE1FA3265A60F400724646;
			remoteInfo = CommonUI;
		};
		24E4699D266A6884005E9A7E /* PBXContainerItemProxy */ = {
			isa = PBXContainerItemProxy;
			containerPortal = 24E46996266A6884005E9A7E /* CommonUI.xcodeproj */;
			proxyType = 2;
			remoteGlobalIDString = 24FE1FAC265A60F400724646;
			remoteInfo = CommonUITests;
		};
		24E469BC266A6957005E9A7E /* PBXContainerItemProxy */ = {
			isa = PBXContainerItemProxy;
			containerPortal = 24E469B5266A6957005E9A7E /* CommonUtils.xcodeproj */;
			proxyType = 2;
			remoteGlobalIDString = 24FE205C265A63CB00724646;
			remoteInfo = CommonUtils;
		};
		24E469BE266A6957005E9A7E /* PBXContainerItemProxy */ = {
			isa = PBXContainerItemProxy;
			containerPortal = 24E469B5266A6957005E9A7E /* CommonUtils.xcodeproj */;
			proxyType = 2;
			remoteGlobalIDString = 24FE2065265A63CB00724646;
			remoteInfo = CommonUtilsTests;
		};
		24EE4193268381D400EB07B7 /* PBXContainerItemProxy */ = {
			isa = PBXContainerItemProxy;
			containerPortal = 24EE418E268381D400EB07B7 /* ImageFeature.xcodeproj */;
			proxyType = 2;
			remoteGlobalIDString = 24EE82AA267A9B4900B40C56;
			remoteInfo = ImageFeature;
		};
		24EE4195268381D400EB07B7 /* PBXContainerItemProxy */ = {
			isa = PBXContainerItemProxy;
			containerPortal = 24EE418E268381D400EB07B7 /* ImageFeature.xcodeproj */;
			proxyType = 2;
			remoteGlobalIDString = 24EE82B3267A9B4900B40C56;
			remoteInfo = ImageFeatureTests;
		};
/* End PBXContainerItemProxy section */

/* Begin PBXCopyFilesBuildPhase section */
		24604944266934690074E0E7 /* Embed Frameworks */ = {
			isa = PBXCopyFilesBuildPhase;
			buildActionMask = 2147483647;
			dstPath = "";
			dstSubfolderSpec = 10;
			files = (
				24CBF84A26848DEE002C011B /* CommonRouting.framework in Embed Frameworks */,
				24EE419F2683821700EB07B7 /* ImageFeature.framework in Embed Frameworks */,
				24604943266934690074E0E7 /* CocktailsApiService.framework in Embed Frameworks */,
				24E469A8266A68E0005E9A7E /* CommonUI.framework in Embed Frameworks */,
			);
			name = "Embed Frameworks";
			runOnlyForDeploymentPostprocessing = 0;
		};
/* End PBXCopyFilesBuildPhase section */

/* Begin PBXFileReference section */
		24231F022688D4AC0086662C /* IngredientsView.swift */ = {isa = PBXFileReference; lastKnownFileType = sourcecode.swift; path = IngredientsView.swift; sourceTree = "<group>"; };
		24231F042688D5FC0086662C /* InstructionsView.swift */ = {isa = PBXFileReference; lastKnownFileType = sourcecode.swift; path = InstructionsView.swift; sourceTree = "<group>"; };
		24256EFA26A0DC5500AF7943 /* SearchViewController.swift */ = {isa = PBXFileReference; lastKnownFileType = sourcecode.swift; path = SearchViewController.swift; sourceTree = "<group>"; };
		24256EFC26A0DCDE00AF7943 /* SearchViewModel.swift */ = {isa = PBXFileReference; lastKnownFileType = sourcecode.swift; path = SearchViewModel.swift; sourceTree = "<group>"; };
		24256EFE26A0DD3100AF7943 /* SearchRoute.swift */ = {isa = PBXFileReference; lastKnownFileType = sourcecode.swift; path = SearchRoute.swift; sourceTree = "<group>"; };
		24256F0026A0DDCF00AF7943 /* SearchViewControllerFactory.swift */ = {isa = PBXFileReference; lastKnownFileType = sourcecode.swift; path = SearchViewControllerFactory.swift; sourceTree = "<group>"; };
		246048E6266932B90074E0E7 /* NetworkingService.xcodeproj */ = {isa = PBXFileReference; lastKnownFileType = "wrapper.pb-project"; name = NetworkingService.xcodeproj; path = ../../../Modules/NetworkingService/NetworkingService.xcodeproj; sourceTree = "<group>"; };
		24604927266933E50074E0E7 /* CocktailsApiService.xcodeproj */ = {isa = PBXFileReference; lastKnownFileType = "wrapper.pb-project"; name = CocktailsApiService.xcodeproj; path = ../../../Modules/CocktailsApiService/CocktailsApiService.xcodeproj; sourceTree = "<group>"; };
		24715F312685141F0009278A /* DrinkStore.xcodeproj */ = {isa = PBXFileReference; lastKnownFileType = "wrapper.pb-project"; name = DrinkStore.xcodeproj; path = ../../../Modules/DrinkStore/DrinkStore.xcodeproj; sourceTree = "<group>"; };
		24715F45268514E50009278A /* GenericStore.xcodeproj */ = {isa = PBXFileReference; lastKnownFileType = "wrapper.pb-project"; name = GenericStore.xcodeproj; path = ../../../Modules/GenericStore/GenericStore.xcodeproj; sourceTree = "<group>"; };
		24715F8A26851D100009278A /* NullStore.swift */ = {isa = PBXFileReference; lastKnownFileType = sourcecode.swift; path = NullStore.swift; sourceTree = "<group>"; };
		24715F8C268522700009278A /* CocktailsCache.swift */ = {isa = PBXFileReference; lastKnownFileType = sourcecode.swift; path = CocktailsCache.swift; sourceTree = "<group>"; };
		24715F9A268537590009278A /* CocktailsManager.swift */ = {isa = PBXFileReference; lastKnownFileType = sourcecode.swift; path = CocktailsManager.swift; sourceTree = "<group>"; };
		24715F9C268538DC0009278A /* FavoriteDrink.swift */ = {isa = PBXFileReference; lastKnownFileType = sourcecode.swift; path = FavoriteDrink.swift; sourceTree = "<group>"; };
		2496684E268791E000415255 /* FavoritesViewControllerFactory.swift */ = {isa = PBXFileReference; lastKnownFileType = sourcecode.swift; path = FavoritesViewControllerFactory.swift; sourceTree = "<group>"; };
		24966850268798D400415255 /* FavoriteDataSource.swift */ = {isa = PBXFileReference; lastKnownFileType = sourcecode.swift; path = FavoriteDataSource.swift; sourceTree = "<group>"; };
		2497CD9826828EE8002B8F0D /* MainViewController.swift */ = {isa = PBXFileReference; lastKnownFileType = sourcecode.swift; path = MainViewController.swift; sourceTree = "<group>"; };
		2497CD9B268295CA002B8F0D /* DrinkCellView.swift */ = {isa = PBXFileReference; lastKnownFileType = sourcecode.swift; path = DrinkCellView.swift; sourceTree = "<group>"; };
		2497CD9D2682963E002B8F0D /* NewBannerSupplementaryView.xib */ = {isa = PBXFileReference; fileEncoding = 4; lastKnownFileType = file.xib; path = NewBannerSupplementaryView.xib; sourceTree = "<group>"; };
		2497CD9E2682963E002B8F0D /* HeaderSupplementaryView.swift */ = {isa = PBXFileReference; fileEncoding = 4; lastKnownFileType = sourcecode.swift; path = HeaderSupplementaryView.swift; sourceTree = "<group>"; };
		2497CD9F2682963E002B8F0D /* BackgroundDecorationView.swift */ = {isa = PBXFileReference; fileEncoding = 4; lastKnownFileType = sourcecode.swift; path = BackgroundDecorationView.swift; sourceTree = "<group>"; };
		2497CDA02682963E002B8F0D /* HeaderSupplementaryView.xib */ = {isa = PBXFileReference; fileEncoding = 4; lastKnownFileType = file.xib; path = HeaderSupplementaryView.xib; sourceTree = "<group>"; };
		2497CDA12682963E002B8F0D /* NewBannerSupplementaryView.swift */ = {isa = PBXFileReference; fileEncoding = 4; lastKnownFileType = sourcecode.swift; path = NewBannerSupplementaryView.swift; sourceTree = "<group>"; };
		2497CDA726829B75002B8F0D /* MainDataSource.swift */ = {isa = PBXFileReference; lastKnownFileType = sourcecode.swift; path = MainDataSource.swift; sourceTree = "<group>"; };
		2497CDB82682A20F002B8F0D /* Drink.swift */ = {isa = PBXFileReference; lastKnownFileType = sourcecode.swift; path = Drink.swift; sourceTree = "<group>"; };
		24A21DC3266AB38400F3F23A /* MainTabBarControllerFactory.swift */ = {isa = PBXFileReference; lastKnownFileType = sourcecode.swift; path = MainTabBarControllerFactory.swift; sourceTree = "<group>"; };
		24B7FDF12684B5E300E4ED14 /* DrinkDetailsViewController.swift */ = {isa = PBXFileReference; lastKnownFileType = sourcecode.swift; path = DrinkDetailsViewController.swift; sourceTree = "<group>"; };
		24B7FDF32684B64800E4ED14 /* DrinkDetailsViewModel.swift */ = {isa = PBXFileReference; lastKnownFileType = sourcecode.swift; path = DrinkDetailsViewModel.swift; sourceTree = "<group>"; };
		24BA410226690BE10062F62E /* BartenderApp.app */ = {isa = PBXFileReference; explicitFileType = wrapper.application; includeInIndex = 0; path = BartenderApp.app; sourceTree = BUILT_PRODUCTS_DIR; };
		24BA410526690BE10062F62E /* AppDelegate.swift */ = {isa = PBXFileReference; lastKnownFileType = sourcecode.swift; path = AppDelegate.swift; sourceTree = "<group>"; };
		24BA410726690BE10062F62E /* SceneDelegate.swift */ = {isa = PBXFileReference; lastKnownFileType = sourcecode.swift; path = SceneDelegate.swift; sourceTree = "<group>"; };
		24BA410926690BE10062F62E /* ViewController.swift */ = {isa = PBXFileReference; lastKnownFileType = sourcecode.swift; path = ViewController.swift; sourceTree = "<group>"; };
		24BA410C26690BE10062F62E /* Base */ = {isa = PBXFileReference; lastKnownFileType = file.storyboard; name = Base; path = Base.lproj/Main.storyboard; sourceTree = "<group>"; };
		24BA410E26690BE30062F62E /* Assets.xcassets */ = {isa = PBXFileReference; lastKnownFileType = folder.assetcatalog; path = Assets.xcassets; sourceTree = "<group>"; };
		24BA411126690BE30062F62E /* Base */ = {isa = PBXFileReference; lastKnownFileType = file.storyboard; name = Base; path = Base.lproj/LaunchScreen.storyboard; sourceTree = "<group>"; };
		24BA411326690BE30062F62E /* Info.plist */ = {isa = PBXFileReference; lastKnownFileType = text.plist.xml; path = Info.plist; sourceTree = "<group>"; };
		24BA411826690BE30062F62E /* BartenderAppTests.xctest */ = {isa = PBXFileReference; explicitFileType = wrapper.cfbundle; includeInIndex = 0; path = BartenderAppTests.xctest; sourceTree = BUILT_PRODUCTS_DIR; };
		24BA411C26690BE30062F62E /* BartenderAppTests.swift */ = {isa = PBXFileReference; lastKnownFileType = sourcecode.swift; path = BartenderAppTests.swift; sourceTree = "<group>"; };
		24BA411E26690BE30062F62E /* Info.plist */ = {isa = PBXFileReference; lastKnownFileType = text.plist.xml; path = Info.plist; sourceTree = "<group>"; };
		24BA412326690BE30062F62E /* BartenderAppUITests.xctest */ = {isa = PBXFileReference; explicitFileType = wrapper.cfbundle; includeInIndex = 0; path = BartenderAppUITests.xctest; sourceTree = BUILT_PRODUCTS_DIR; };
		24BA412726690BE30062F62E /* BartenderAppUITests.swift */ = {isa = PBXFileReference; lastKnownFileType = sourcecode.swift; path = BartenderAppUITests.swift; sourceTree = "<group>"; };
		24BA412926690BE30062F62E /* Info.plist */ = {isa = PBXFileReference; lastKnownFileType = text.plist.xml; path = Info.plist; sourceTree = "<group>"; };
		24CBF82426848C3B002C011B /* CommonRouting.xcodeproj */ = {isa = PBXFileReference; lastKnownFileType = "wrapper.pb-project"; name = CommonRouting.xcodeproj; path = ../../../Modules/CommonRouting/CommonRouting.xcodeproj; sourceTree = "<group>"; };
		24CBF84726848D3C002C011B /* DrinkRoute.swift */ = {isa = PBXFileReference; lastKnownFileType = sourcecode.swift; path = DrinkRoute.swift; sourceTree = "<group>"; };
		24CBF84D26848FC3002C011B /* DrinkDetailsViewControllerFactory.swift */ = {isa = PBXFileReference; lastKnownFileType = sourcecode.swift; path = DrinkDetailsViewControllerFactory.swift; sourceTree = "<group>"; };
		24E468CA266A47A1005E9A7E /* AppDependencies.swift */ = {isa = PBXFileReference; lastKnownFileType = sourcecode.swift; path = AppDependencies.swift; sourceTree = "<group>"; };
		24E468D1266A48F4005E9A7E /* BartenderAppDependencies.swift */ = {isa = PBXFileReference; lastKnownFileType = sourcecode.swift; path = BartenderAppDependencies.swift; sourceTree = "<group>"; };
		24E468D6266A4B71005E9A7E /* MainViewControllerFactory.swift */ = {isa = PBXFileReference; lastKnownFileType = sourcecode.swift; path = MainViewControllerFactory.swift; sourceTree = "<group>"; };
		24E468E0266A5620005E9A7E /* MainViewModel.swift */ = {isa = PBXFileReference; lastKnownFileType = sourcecode.swift; path = MainViewModel.swift; sourceTree = "<group>"; };
		24E468EA266A58AB005E9A7E /* CocktailsLoader.swift */ = {isa = PBXFileReference; lastKnownFileType = sourcecode.swift; path = CocktailsLoader.swift; sourceTree = "<group>"; };
		24E468EF266A596D005E9A7E /* RemoteCocktailsLoader.swift */ = {isa = PBXFileReference; lastKnownFileType = sourcecode.swift; path = RemoteCocktailsLoader.swift; sourceTree = "<group>"; };
		24E468F5266A5BDA005E9A7E /* LocalCocktailsLoader.swift */ = {isa = PBXFileReference; lastKnownFileType = sourcecode.swift; path = LocalCocktailsLoader.swift; sourceTree = "<group>"; };
		24E468F9266A5C86005E9A7E /* CompositeFallbackCocktailsLoader.swift */ = {isa = PBXFileReference; lastKnownFileType = sourcecode.swift; path = CompositeFallbackCocktailsLoader.swift; sourceTree = "<group>"; };
		24E46996266A6884005E9A7E /* CommonUI.xcodeproj */ = {isa = PBXFileReference; lastKnownFileType = "wrapper.pb-project"; name = CommonUI.xcodeproj; path = ../../../Modules/CommonUI/CommonUI.xcodeproj; sourceTree = "<group>"; };
		24E469B5266A6957005E9A7E /* CommonUtils.xcodeproj */ = {isa = PBXFileReference; lastKnownFileType = "wrapper.pb-project"; name = CommonUtils.xcodeproj; path = ../../../Modules/CommonUtils/CommonUtils.xcodeproj; sourceTree = "<group>"; };
		24EE417F2683773500EB07B7 /* Media.xcassets */ = {isa = PBXFileReference; lastKnownFileType = folder.assetcatalog; path = Media.xcassets; sourceTree = "<group>"; };
		24EE418E268381D400EB07B7 /* ImageFeature.xcodeproj */ = {isa = PBXFileReference; lastKnownFileType = "wrapper.pb-project"; name = ImageFeature.xcodeproj; path = ../../../Modules/ImageFeature/ImageFeature.xcodeproj; sourceTree = "<group>"; };
/* End PBXFileReference section */

/* Begin PBXFrameworksBuildPhase section */
		24BA40FF26690BE10062F62E /* Frameworks */ = {
			isa = PBXFrameworksBuildPhase;
			buildActionMask = 2147483647;
			files = (
				24715F90268530C50009278A /* DrinkStore.framework in Frameworks */,
				24CBF84926848DEE002C011B /* CommonRouting.framework in Frameworks */,
				24EE419E2683821700EB07B7 /* ImageFeature.framework in Frameworks */,
				24604942266934690074E0E7 /* CocktailsApiService.framework in Frameworks */,
				24E469A7266A68E0005E9A7E /* CommonUI.framework in Frameworks */,
			);
			runOnlyForDeploymentPostprocessing = 0;
		};
		24BA411526690BE30062F62E /* Frameworks */ = {
			isa = PBXFrameworksBuildPhase;
			buildActionMask = 2147483647;
			files = (
			);
			runOnlyForDeploymentPostprocessing = 0;
		};
		24BA412026690BE30062F62E /* Frameworks */ = {
			isa = PBXFrameworksBuildPhase;
			buildActionMask = 2147483647;
			files = (
			);
			runOnlyForDeploymentPostprocessing = 0;
		};
/* End PBXFrameworksBuildPhase section */

/* Begin PBXGroup section */
		24231EF22688D4700086662C /* Views */ = {
			isa = PBXGroup;
			children = (
				24231F022688D4AC0086662C /* IngredientsView.swift */,
				24231F042688D5FC0086662C /* InstructionsView.swift */,
			);
			path = Views;
			sourceTree = "<group>";
		};
		24256EEA26A0DC0D00AF7943 /* Search */ = {
			isa = PBXGroup;
			children = (
				24256EFA26A0DC5500AF7943 /* SearchViewController.swift */,
				24256EFC26A0DCDE00AF7943 /* SearchViewModel.swift */,
			);
			path = Search;
			sourceTree = "<group>";
		};
		242F4682266931D200839094 /* Modules */ = {
			isa = PBXGroup;
			children = (
				24715F45268514E50009278A /* GenericStore.xcodeproj */,
				24715F312685141F0009278A /* DrinkStore.xcodeproj */,
				24CBF82426848C3B002C011B /* CommonRouting.xcodeproj */,
				24EE418E268381D400EB07B7 /* ImageFeature.xcodeproj */,
				24E469B5266A6957005E9A7E /* CommonUtils.xcodeproj */,
				24E46996266A6884005E9A7E /* CommonUI.xcodeproj */,
				24604927266933E50074E0E7 /* CocktailsApiService.xcodeproj */,
				246048E6266932B90074E0E7 /* NetworkingService.xcodeproj */,
			);
			path = Modules;
			sourceTree = "<group>";
		};
		246048E7266932B90074E0E7 /* Products */ = {
			isa = PBXGroup;
			children = (
				246048EC266932B90074E0E7 /* NetworkingService.framework */,
				246048EE266932B90074E0E7 /* NetworkingServiceTests.xctest */,
			);
			name = Products;
			sourceTree = "<group>";
		};
		24604928266933E50074E0E7 /* Products */ = {
			isa = PBXGroup;
			children = (
				2460492D266933E50074E0E7 /* CocktailsApiService.framework */,
				2460492F266933E50074E0E7 /* CocktailsApiServiceTests.xctest */,
			);
			name = Products;
			sourceTree = "<group>";
		};
		24604941266934690074E0E7 /* Frameworks */ = {
			isa = PBXGroup;
			children = (
			);
			name = Frameworks;
			sourceTree = "<group>";
		};
		24715F322685141F0009278A /* Products */ = {
			isa = PBXGroup;
			children = (
				24715F3E2685141F0009278A /* DrinkStore.framework */,
				24715F402685141F0009278A /* DrinkStoreTests.xctest */,
			);
			name = Products;
			sourceTree = "<group>";
		};
		24715F46268514E50009278A /* Products */ = {
			isa = PBXGroup;
			children = (
				24715F4B268514E50009278A /* GenericStore.framework */,
				24715F4D268514E50009278A /* GenericStoreTests.xctest */,
			);
			name = Products;
			sourceTree = "<group>";
		};
		24715F7A26851D040009278A /* Stubs */ = {
			isa = PBXGroup;
			children = (
				24715F8A26851D100009278A /* NullStore.swift */,
			);
			path = Stubs;
			sourceTree = "<group>";
		};
		24715F99268536F90009278A /* Protocols */ = {
			isa = PBXGroup;
			children = (
				24E468EA266A58AB005E9A7E /* CocktailsLoader.swift */,
				24715F8C268522700009278A /* CocktailsCache.swift */,
			);
			path = Protocols;
			sourceTree = "<group>";
		};
		2496683E268791AF00415255 /* Favorites */ = {
			isa = PBXGroup;
			children = (
				24966850268798D400415255 /* FavoriteDataSource.swift */,
			);
			path = Favorites;
			sourceTree = "<group>";
		};
		2497CD9A268295AF002B8F0D /* Views */ = {
			isa = PBXGroup;
			children = (
				2497CD9F2682963E002B8F0D /* BackgroundDecorationView.swift */,
				2497CD9E2682963E002B8F0D /* HeaderSupplementaryView.swift */,
				2497CDA02682963E002B8F0D /* HeaderSupplementaryView.xib */,
				2497CDA12682963E002B8F0D /* NewBannerSupplementaryView.swift */,
				2497CD9D2682963E002B8F0D /* NewBannerSupplementaryView.xib */,
				2497CD9B268295CA002B8F0D /* DrinkCellView.swift */,
			);
			path = Views;
			sourceTree = "<group>";
		};
		2497CDA926829B7E002B8F0D /* Old */ = {
			isa = PBXGroup;
			children = (
			);
			path = Old;
			sourceTree = "<group>";
		};
		2497CDB72682A203002B8F0D /* Model */ = {
			isa = PBXGroup;
			children = (
				2497CDB82682A20F002B8F0D /* Drink.swift */,
				24715F9C268538DC0009278A /* FavoriteDrink.swift */,
			);
			path = Model;
			sourceTree = "<group>";
		};
		24B7FDE52684B5C200E4ED14 /* DrinkDetails */ = {
			isa = PBXGroup;
			children = (
				24231EF22688D4700086662C /* Views */,
				24B7FDF12684B5E300E4ED14 /* DrinkDetailsViewController.swift */,
				24B7FDF32684B64800E4ED14 /* DrinkDetailsViewModel.swift */,
			);
			path = DrinkDetails;
			sourceTree = "<group>";
		};
		24BA40F926690BE10062F62E = {
			isa = PBXGroup;
			children = (
				242F4682266931D200839094 /* Modules */,
				24BA410426690BE10062F62E /* BartenderApp */,
				24BA411B26690BE30062F62E /* BartenderAppTests */,
				24BA412626690BE30062F62E /* BartenderAppUITests */,
				24BA410326690BE10062F62E /* Products */,
				24604941266934690074E0E7 /* Frameworks */,
			);
			sourceTree = "<group>";
		};
		24BA410326690BE10062F62E /* Products */ = {
			isa = PBXGroup;
			children = (
				24BA410226690BE10062F62E /* BartenderApp.app */,
				24BA411826690BE30062F62E /* BartenderAppTests.xctest */,
				24BA412326690BE30062F62E /* BartenderAppUITests.xctest */,
			);
			name = Products;
			sourceTree = "<group>";
		};
		24BA410426690BE10062F62E /* BartenderApp */ = {
			isa = PBXGroup;
			children = (
				24E468E8266A5857005E9A7E /* Features */,
				24E468D0266A48CE005E9A7E /* Common */,
				24E468C5266A477E005E9A7E /* Main */,
				24BA410526690BE10062F62E /* AppDelegate.swift */,
				24BA410726690BE10062F62E /* SceneDelegate.swift */,
				24BA410B26690BE10062F62E /* Main.storyboard */,
				24BA410E26690BE30062F62E /* Assets.xcassets */,
				24BA411026690BE30062F62E /* LaunchScreen.storyboard */,
				24BA411326690BE30062F62E /* Info.plist */,
			);
			path = BartenderApp;
			sourceTree = "<group>";
		};
		24BA411B26690BE30062F62E /* BartenderAppTests */ = {
			isa = PBXGroup;
			children = (
				24BA411C26690BE30062F62E /* BartenderAppTests.swift */,
				24BA411E26690BE30062F62E /* Info.plist */,
			);
			path = BartenderAppTests;
			sourceTree = "<group>";
		};
		24BA412626690BE30062F62E /* BartenderAppUITests */ = {
			isa = PBXGroup;
			children = (
				24BA412726690BE30062F62E /* BartenderAppUITests.swift */,
				24BA412926690BE30062F62E /* Info.plist */,
			);
			path = BartenderAppUITests;
			sourceTree = "<group>";
		};
		24CBF82526848C3B002C011B /* Products */ = {
			isa = PBXGroup;
			children = (
				24CBF82C26848C3B002C011B /* CommonRouting.framework */,
				24CBF82E26848C3B002C011B /* CommonRoutingTests.xctest */,
			);
			name = Products;
			sourceTree = "<group>";
		};
		24CBF84626848D18002C011B /* Routes */ = {
			isa = PBXGroup;
			children = (
				24CBF84726848D3C002C011B /* DrinkRoute.swift */,
				24256EFE26A0DD3100AF7943 /* SearchRoute.swift */,
			);
			path = Routes;
			sourceTree = "<group>";
		};
		24E468C5266A477E005E9A7E /* Main */ = {
			isa = PBXGroup;
			children = (
				24715F7A26851D040009278A /* Stubs */,
				24CBF84626848D18002C011B /* Routes */,
				24EE41762683771400EB07B7 /* Resources */,
				24E468D1266A48F4005E9A7E /* BartenderAppDependencies.swift */,
				24E468D5266A4B4D005E9A7E /* Factories */,
				24E468DA266A51CC005E9A7E /* Scenes */,
			);
			path = Main;
			sourceTree = "<group>";
		};
		24E468D0266A48CE005E9A7E /* Common */ = {
			isa = PBXGroup;
			children = (
				24E468CA266A47A1005E9A7E /* AppDependencies.swift */,
			);
			path = Common;
			sourceTree = "<group>";
		};
		24E468D5266A4B4D005E9A7E /* Factories */ = {
			isa = PBXGroup;
			children = (
				24E468D6266A4B71005E9A7E /* MainViewControllerFactory.swift */,
				24A21DC3266AB38400F3F23A /* MainTabBarControllerFactory.swift */,
				24CBF84D26848FC3002C011B /* DrinkDetailsViewControllerFactory.swift */,
				2496684E268791E000415255 /* FavoritesViewControllerFactory.swift */,
				24256F0026A0DDCF00AF7943 /* SearchViewControllerFactory.swift */,
			);
			path = Factories;
			sourceTree = "<group>";
		};
		24E468DA266A51CC005E9A7E /* Scenes */ = {
			isa = PBXGroup;
			children = (
				24256EEA26A0DC0D00AF7943 /* Search */,
				2496683E268791AF00415255 /* Favorites */,
				24B7FDE52684B5C200E4ED14 /* DrinkDetails */,
				24E468DB266A51FB005E9A7E /* Main */,
			);
			path = Scenes;
			sourceTree = "<group>";
		};
		24E468DB266A51FB005E9A7E /* Main */ = {
			isa = PBXGroup;
			children = (
				2497CDA926829B7E002B8F0D /* Old */,
				2497CD9A268295AF002B8F0D /* Views */,
				24BA410926690BE10062F62E /* ViewController.swift */,
				24E468E0266A5620005E9A7E /* MainViewModel.swift */,
				2497CD9826828EE8002B8F0D /* MainViewController.swift */,
				2497CDA726829B75002B8F0D /* MainDataSource.swift */,
			);
			path = Main;
			sourceTree = "<group>";
		};
		24E468E8266A5857005E9A7E /* Features */ = {
			isa = PBXGroup;
			children = (
				2497CDB72682A203002B8F0D /* Model */,
				24E468E9266A586E005E9A7E /* CocktailList */,
			);
			path = Features;
			sourceTree = "<group>";
		};
		24E468E9266A586E005E9A7E /* CocktailList */ = {
			isa = PBXGroup;
			children = (
				24715F99268536F90009278A /* Protocols */,
				24E468EE266A58FD005E9A7E /* CompositeLoader */,
				24715F9A268537590009278A /* CocktailsManager.swift */,
			);
			path = CocktailList;
			sourceTree = "<group>";
		};
		24E468EE266A58FD005E9A7E /* CompositeLoader */ = {
			isa = PBXGroup;
			children = (
				24E468EF266A596D005E9A7E /* RemoteCocktailsLoader.swift */,
				24E468F5266A5BDA005E9A7E /* LocalCocktailsLoader.swift */,
				24E468F9266A5C86005E9A7E /* CompositeFallbackCocktailsLoader.swift */,
			);
			path = CompositeLoader;
			sourceTree = "<group>";
		};
		24E46997266A6884005E9A7E /* Products */ = {
			isa = PBXGroup;
			children = (
				24E4699C266A6884005E9A7E /* CommonUI.framework */,
				24E4699E266A6884005E9A7E /* CommonUITests.xctest */,
			);
			name = Products;
			sourceTree = "<group>";
		};
		24E469B6266A6957005E9A7E /* Products */ = {
			isa = PBXGroup;
			children = (
				24E469BD266A6957005E9A7E /* CommonUtils.framework */,
				24E469BF266A6957005E9A7E /* CommonUtilsTests.xctest */,
			);
			name = Products;
			sourceTree = "<group>";
		};
		24EE41762683771400EB07B7 /* Resources */ = {
			isa = PBXGroup;
			children = (
				24EE417F2683773500EB07B7 /* Media.xcassets */,
			);
			path = Resources;
			sourceTree = "<group>";
		};
		24EE418F268381D400EB07B7 /* Products */ = {
			isa = PBXGroup;
			children = (
				24EE4194268381D400EB07B7 /* ImageFeature.framework */,
				24EE4196268381D400EB07B7 /* ImageFeatureTests.xctest */,
			);
			name = Products;
			sourceTree = "<group>";
		};
/* End PBXGroup section */

/* Begin PBXNativeTarget section */
		24BA410126690BE10062F62E /* BartenderApp */ = {
			isa = PBXNativeTarget;
			buildConfigurationList = 24BA412C26690BE30062F62E /* Build configuration list for PBXNativeTarget "BartenderApp" */;
			buildPhases = (
				24BA40FE26690BE10062F62E /* Sources */,
				24BA40FF26690BE10062F62E /* Frameworks */,
				24BA410026690BE10062F62E /* Resources */,
				24604944266934690074E0E7 /* Embed Frameworks */,
			);
			buildRules = (
			);
			dependencies = (
				24CBF84C26848E87002C011B /* PBXTargetDependency */,
			);
			name = BartenderApp;
			productName = BartenderApp;
			productReference = 24BA410226690BE10062F62E /* BartenderApp.app */;
			productType = "com.apple.product-type.application";
		};
		24BA411726690BE30062F62E /* BartenderAppTests */ = {
			isa = PBXNativeTarget;
			buildConfigurationList = 24BA412F26690BE30062F62E /* Build configuration list for PBXNativeTarget "BartenderAppTests" */;
			buildPhases = (
				24BA411426690BE30062F62E /* Sources */,
				24BA411526690BE30062F62E /* Frameworks */,
				24BA411626690BE30062F62E /* Resources */,
			);
			buildRules = (
			);
			dependencies = (
				24BA411A26690BE30062F62E /* PBXTargetDependency */,
			);
			name = BartenderAppTests;
			productName = BartenderAppTests;
			productReference = 24BA411826690BE30062F62E /* BartenderAppTests.xctest */;
			productType = "com.apple.product-type.bundle.unit-test";
		};
		24BA412226690BE30062F62E /* BartenderAppUITests */ = {
			isa = PBXNativeTarget;
			buildConfigurationList = 24BA413226690BE30062F62E /* Build configuration list for PBXNativeTarget "BartenderAppUITests" */;
			buildPhases = (
				24BA411F26690BE30062F62E /* Sources */,
				24BA412026690BE30062F62E /* Frameworks */,
				24BA412126690BE30062F62E /* Resources */,
			);
			buildRules = (
			);
			dependencies = (
				24BA412526690BE30062F62E /* PBXTargetDependency */,
			);
			name = BartenderAppUITests;
			productName = BartenderAppUITests;
			productReference = 24BA412326690BE30062F62E /* BartenderAppUITests.xctest */;
			productType = "com.apple.product-type.bundle.ui-testing";
		};
/* End PBXNativeTarget section */

/* Begin PBXProject section */
		24BA40FA26690BE10062F62E /* Project object */ = {
			isa = PBXProject;
			attributes = {
				LastSwiftUpdateCheck = 1240;
				LastUpgradeCheck = 1240;
				TargetAttributes = {
					24BA410126690BE10062F62E = {
						CreatedOnToolsVersion = 12.4;
					};
					24BA411726690BE30062F62E = {
						CreatedOnToolsVersion = 12.4;
						TestTargetID = 24BA410126690BE10062F62E;
					};
					24BA412226690BE30062F62E = {
						CreatedOnToolsVersion = 12.4;
						TestTargetID = 24BA410126690BE10062F62E;
					};
				};
			};
			buildConfigurationList = 24BA40FD26690BE10062F62E /* Build configuration list for PBXProject "BartenderApp" */;
			compatibilityVersion = "Xcode 9.3";
			developmentRegion = en;
			hasScannedForEncodings = 0;
			knownRegions = (
				en,
				Base,
			);
			mainGroup = 24BA40F926690BE10062F62E;
			productRefGroup = 24BA410326690BE10062F62E /* Products */;
			projectDirPath = "";
			projectReferences = (
				{
					ProductGroup = 24604928266933E50074E0E7 /* Products */;
					ProjectRef = 24604927266933E50074E0E7 /* CocktailsApiService.xcodeproj */;
				},
				{
					ProductGroup = 24CBF82526848C3B002C011B /* Products */;
					ProjectRef = 24CBF82426848C3B002C011B /* CommonRouting.xcodeproj */;
				},
				{
					ProductGroup = 24E46997266A6884005E9A7E /* Products */;
					ProjectRef = 24E46996266A6884005E9A7E /* CommonUI.xcodeproj */;
				},
				{
					ProductGroup = 24E469B6266A6957005E9A7E /* Products */;
					ProjectRef = 24E469B5266A6957005E9A7E /* CommonUtils.xcodeproj */;
				},
				{
					ProductGroup = 24715F322685141F0009278A /* Products */;
					ProjectRef = 24715F312685141F0009278A /* DrinkStore.xcodeproj */;
				},
				{
					ProductGroup = 24715F46268514E50009278A /* Products */;
					ProjectRef = 24715F45268514E50009278A /* GenericStore.xcodeproj */;
				},
				{
					ProductGroup = 24EE418F268381D400EB07B7 /* Products */;
					ProjectRef = 24EE418E268381D400EB07B7 /* ImageFeature.xcodeproj */;
				},
				{
					ProductGroup = 246048E7266932B90074E0E7 /* Products */;
					ProjectRef = 246048E6266932B90074E0E7 /* NetworkingService.xcodeproj */;
				},
			);
			projectRoot = "";
			targets = (
				24BA410126690BE10062F62E /* BartenderApp */,
				24BA411726690BE30062F62E /* BartenderAppTests */,
				24BA412226690BE30062F62E /* BartenderAppUITests */,
			);
		};
/* End PBXProject section */

/* Begin PBXReferenceProxy section */
		246048EC266932B90074E0E7 /* NetworkingService.framework */ = {
			isa = PBXReferenceProxy;
			fileType = wrapper.framework;
			path = NetworkingService.framework;
			remoteRef = 246048EB266932B90074E0E7 /* PBXContainerItemProxy */;
			sourceTree = BUILT_PRODUCTS_DIR;
		};
		246048EE266932B90074E0E7 /* NetworkingServiceTests.xctest */ = {
			isa = PBXReferenceProxy;
			fileType = wrapper.cfbundle;
			path = NetworkingServiceTests.xctest;
			remoteRef = 246048ED266932B90074E0E7 /* PBXContainerItemProxy */;
			sourceTree = BUILT_PRODUCTS_DIR;
		};
		2460492D266933E50074E0E7 /* CocktailsApiService.framework */ = {
			isa = PBXReferenceProxy;
			fileType = wrapper.framework;
			path = CocktailsApiService.framework;
			remoteRef = 2460492C266933E50074E0E7 /* PBXContainerItemProxy */;
			sourceTree = BUILT_PRODUCTS_DIR;
		};
		2460492F266933E50074E0E7 /* CocktailsApiServiceTests.xctest */ = {
			isa = PBXReferenceProxy;
			fileType = wrapper.cfbundle;
			path = CocktailsApiServiceTests.xctest;
			remoteRef = 2460492E266933E50074E0E7 /* PBXContainerItemProxy */;
			sourceTree = BUILT_PRODUCTS_DIR;
		};
		24715F3E2685141F0009278A /* DrinkStore.framework */ = {
			isa = PBXReferenceProxy;
			fileType = wrapper.framework;
			path = DrinkStore.framework;
			remoteRef = 24715F3D2685141F0009278A /* PBXContainerItemProxy */;
			sourceTree = BUILT_PRODUCTS_DIR;
		};
		24715F402685141F0009278A /* DrinkStoreTests.xctest */ = {
			isa = PBXReferenceProxy;
			fileType = wrapper.cfbundle;
			path = DrinkStoreTests.xctest;
			remoteRef = 24715F3F2685141F0009278A /* PBXContainerItemProxy */;
			sourceTree = BUILT_PRODUCTS_DIR;
		};
		24715F4B268514E50009278A /* GenericStore.framework */ = {
			isa = PBXReferenceProxy;
			fileType = wrapper.framework;
			path = GenericStore.framework;
			remoteRef = 24715F4A268514E50009278A /* PBXContainerItemProxy */;
			sourceTree = BUILT_PRODUCTS_DIR;
		};
		24715F4D268514E50009278A /* GenericStoreTests.xctest */ = {
			isa = PBXReferenceProxy;
			fileType = wrapper.cfbundle;
			path = GenericStoreTests.xctest;
			remoteRef = 24715F4C268514E50009278A /* PBXContainerItemProxy */;
			sourceTree = BUILT_PRODUCTS_DIR;
		};
		24CBF82C26848C3B002C011B /* CommonRouting.framework */ = {
			isa = PBXReferenceProxy;
			fileType = wrapper.framework;
			path = CommonRouting.framework;
			remoteRef = 24CBF82B26848C3B002C011B /* PBXContainerItemProxy */;
			sourceTree = BUILT_PRODUCTS_DIR;
		};
		24CBF82E26848C3B002C011B /* CommonRoutingTests.xctest */ = {
			isa = PBXReferenceProxy;
			fileType = wrapper.cfbundle;
			path = CommonRoutingTests.xctest;
			remoteRef = 24CBF82D26848C3B002C011B /* PBXContainerItemProxy */;
			sourceTree = BUILT_PRODUCTS_DIR;
		};
		24E4699C266A6884005E9A7E /* CommonUI.framework */ = {
			isa = PBXReferenceProxy;
			fileType = wrapper.framework;
			path = CommonUI.framework;
			remoteRef = 24E4699B266A6884005E9A7E /* PBXContainerItemProxy */;
			sourceTree = BUILT_PRODUCTS_DIR;
		};
		24E4699E266A6884005E9A7E /* CommonUITests.xctest */ = {
			isa = PBXReferenceProxy;
			fileType = wrapper.cfbundle;
			path = CommonUITests.xctest;
			remoteRef = 24E4699D266A6884005E9A7E /* PBXContainerItemProxy */;
			sourceTree = BUILT_PRODUCTS_DIR;
		};
		24E469BD266A6957005E9A7E /* CommonUtils.framework */ = {
			isa = PBXReferenceProxy;
			fileType = wrapper.framework;
			path = CommonUtils.framework;
			remoteRef = 24E469BC266A6957005E9A7E /* PBXContainerItemProxy */;
			sourceTree = BUILT_PRODUCTS_DIR;
		};
		24E469BF266A6957005E9A7E /* CommonUtilsTests.xctest */ = {
			isa = PBXReferenceProxy;
			fileType = wrapper.cfbundle;
			path = CommonUtilsTests.xctest;
			remoteRef = 24E469BE266A6957005E9A7E /* PBXContainerItemProxy */;
			sourceTree = BUILT_PRODUCTS_DIR;
		};
		24EE4194268381D400EB07B7 /* ImageFeature.framework */ = {
			isa = PBXReferenceProxy;
			fileType = wrapper.framework;
			path = ImageFeature.framework;
			remoteRef = 24EE4193268381D400EB07B7 /* PBXContainerItemProxy */;
			sourceTree = BUILT_PRODUCTS_DIR;
		};
		24EE4196268381D400EB07B7 /* ImageFeatureTests.xctest */ = {
			isa = PBXReferenceProxy;
			fileType = wrapper.cfbundle;
			path = ImageFeatureTests.xctest;
			remoteRef = 24EE4195268381D400EB07B7 /* PBXContainerItemProxy */;
			sourceTree = BUILT_PRODUCTS_DIR;
		};
/* End PBXReferenceProxy section */

/* Begin PBXResourcesBuildPhase section */
		24BA410026690BE10062F62E /* Resources */ = {
			isa = PBXResourcesBuildPhase;
			buildActionMask = 2147483647;
			files = (
				24BA411226690BE30062F62E /* LaunchScreen.storyboard in Resources */,
				24BA410F26690BE30062F62E /* Assets.xcassets in Resources */,
				24BA410D26690BE10062F62E /* Main.storyboard in Resources */,
				2497CDA52682963E002B8F0D /* HeaderSupplementaryView.xib in Resources */,
				24EE41802683773500EB07B7 /* Media.xcassets in Resources */,
				2497CDA22682963E002B8F0D /* NewBannerSupplementaryView.xib in Resources */,
			);
			runOnlyForDeploymentPostprocessing = 0;
		};
		24BA411626690BE30062F62E /* Resources */ = {
			isa = PBXResourcesBuildPhase;
			buildActionMask = 2147483647;
			files = (
			);
			runOnlyForDeploymentPostprocessing = 0;
		};
		24BA412126690BE30062F62E /* Resources */ = {
			isa = PBXResourcesBuildPhase;
			buildActionMask = 2147483647;
			files = (
			);
			runOnlyForDeploymentPostprocessing = 0;
		};
/* End PBXResourcesBuildPhase section */

/* Begin PBXSourcesBuildPhase section */
		24BA40FE26690BE10062F62E /* Sources */ = {
			isa = PBXSourcesBuildPhase;
			buildActionMask = 2147483647;
			files = (
				24256EFD26A0DCDE00AF7943 /* SearchViewModel.swift in Sources */,
				24E468FA266A5C86005E9A7E /* CompositeFallbackCocktailsLoader.swift in Sources */,
				24231F032688D4AC0086662C /* IngredientsView.swift in Sources */,
				2497CDB92682A20F002B8F0D /* Drink.swift in Sources */,
				2497CDA62682963E002B8F0D /* NewBannerSupplementaryView.swift in Sources */,
				2497CD9926828EE8002B8F0D /* MainViewController.swift in Sources */,
				24E468E1266A5620005E9A7E /* MainViewModel.swift in Sources */,
				24E468D7266A4B71005E9A7E /* MainViewControllerFactory.swift in Sources */,
				24B7FDF22684B5E300E4ED14 /* DrinkDetailsViewController.swift in Sources */,
				24E468CB266A47A2005E9A7E /* AppDependencies.swift in Sources */,
				24E468D2266A48F4005E9A7E /* BartenderAppDependencies.swift in Sources */,
				24256EFB26A0DC5500AF7943 /* SearchViewController.swift in Sources */,
				24715F9D268538DC0009278A /* FavoriteDrink.swift in Sources */,
				24715F9B268537590009278A /* CocktailsManager.swift in Sources */,
				24E468EB266A58AB005E9A7E /* CocktailsLoader.swift in Sources */,
				24231F052688D5FC0086662C /* InstructionsView.swift in Sources */,
				24BA410A26690BE10062F62E /* ViewController.swift in Sources */,
				24CBF84826848D3C002C011B /* DrinkRoute.swift in Sources */,
				24BA410626690BE10062F62E /* AppDelegate.swift in Sources */,
				24B7FDF42684B64800E4ED14 /* DrinkDetailsViewModel.swift in Sources */,
				24E468F0266A596D005E9A7E /* RemoteCocktailsLoader.swift in Sources */,
				2496684F268791E000415255 /* FavoritesViewControllerFactory.swift in Sources */,
				24E468F6266A5BDA005E9A7E /* LocalCocktailsLoader.swift in Sources */,
				2497CD9C268295CA002B8F0D /* DrinkCellView.swift in Sources */,
				24CBF84E26848FC3002C011B /* DrinkDetailsViewControllerFactory.swift in Sources */,
				24966851268798D400415255 /* FavoriteDataSource.swift in Sources */,
				24715F8D268522700009278A /* CocktailsCache.swift in Sources */,
				24715F8B26851D100009278A /* NullStore.swift in Sources */,
				2497CDA42682963E002B8F0D /* BackgroundDecorationView.swift in Sources */,
				24BA410826690BE10062F62E /* SceneDelegate.swift in Sources */,
				24A21DC4266AB38400F3F23A /* MainTabBarControllerFactory.swift in Sources */,
				24256F0126A0DDCF00AF7943 /* SearchViewControllerFactory.swift in Sources */,
				2497CDA32682963E002B8F0D /* HeaderSupplementaryView.swift in Sources */,
				2497CDA826829B75002B8F0D /* MainDataSource.swift in Sources */,
				24256EFF26A0DD3100AF7943 /* SearchRoute.swift in Sources */,
			);
			runOnlyForDeploymentPostprocessing = 0;
		};
		24BA411426690BE30062F62E /* Sources */ = {
			isa = PBXSourcesBuildPhase;
			buildActionMask = 2147483647;
			files = (
				24BA411D26690BE30062F62E /* BartenderAppTests.swift in Sources */,
			);
			runOnlyForDeploymentPostprocessing = 0;
		};
		24BA411F26690BE30062F62E /* Sources */ = {
			isa = PBXSourcesBuildPhase;
			buildActionMask = 2147483647;
			files = (
				24BA412826690BE30062F62E /* BartenderAppUITests.swift in Sources */,
			);
			runOnlyForDeploymentPostprocessing = 0;
		};
/* End PBXSourcesBuildPhase section */

/* Begin PBXTargetDependency section */
		24BA411A26690BE30062F62E /* PBXTargetDependency */ = {
			isa = PBXTargetDependency;
			target = 24BA410126690BE10062F62E /* BartenderApp */;
			targetProxy = 24BA411926690BE30062F62E /* PBXContainerItemProxy */;
		};
		24BA412526690BE30062F62E /* PBXTargetDependency */ = {
			isa = PBXTargetDependency;
			target = 24BA410126690BE10062F62E /* BartenderApp */;
			targetProxy = 24BA412426690BE30062F62E /* PBXContainerItemProxy */;
		};
		24CBF84C26848E87002C011B /* PBXTargetDependency */ = {
			isa = PBXTargetDependency;
			name = CommonRouting;
			targetProxy = 24CBF84B26848E87002C011B /* PBXContainerItemProxy */;
		};
/* End PBXTargetDependency section */

/* Begin PBXVariantGroup section */
		24BA410B26690BE10062F62E /* Main.storyboard */ = {
			isa = PBXVariantGroup;
			children = (
				24BA410C26690BE10062F62E /* Base */,
			);
			name = Main.storyboard;
			sourceTree = "<group>";
		};
		24BA411026690BE30062F62E /* LaunchScreen.storyboard */ = {
			isa = PBXVariantGroup;
			children = (
				24BA411126690BE30062F62E /* Base */,
			);
			name = LaunchScreen.storyboard;
			sourceTree = "<group>";
		};
/* End PBXVariantGroup section */

/* Begin XCBuildConfiguration section */
		24BA412A26690BE30062F62E /* Debug */ = {
			isa = XCBuildConfiguration;
			buildSettings = {
				ALWAYS_SEARCH_USER_PATHS = NO;
				CLANG_ANALYZER_NONNULL = YES;
				CLANG_ANALYZER_NUMBER_OBJECT_CONVERSION = YES_AGGRESSIVE;
				CLANG_CXX_LANGUAGE_STANDARD = "gnu++14";
				CLANG_CXX_LIBRARY = "libc++";
				CLANG_ENABLE_MODULES = YES;
				CLANG_ENABLE_OBJC_ARC = YES;
				CLANG_ENABLE_OBJC_WEAK = YES;
				CLANG_WARN_BLOCK_CAPTURE_AUTORELEASING = YES;
				CLANG_WARN_BOOL_CONVERSION = YES;
				CLANG_WARN_COMMA = YES;
				CLANG_WARN_CONSTANT_CONVERSION = YES;
				CLANG_WARN_DEPRECATED_OBJC_IMPLEMENTATIONS = YES;
				CLANG_WARN_DIRECT_OBJC_ISA_USAGE = YES_ERROR;
				CLANG_WARN_DOCUMENTATION_COMMENTS = YES;
				CLANG_WARN_EMPTY_BODY = YES;
				CLANG_WARN_ENUM_CONVERSION = YES;
				CLANG_WARN_INFINITE_RECURSION = YES;
				CLANG_WARN_INT_CONVERSION = YES;
				CLANG_WARN_NON_LITERAL_NULL_CONVERSION = YES;
				CLANG_WARN_OBJC_IMPLICIT_RETAIN_SELF = YES;
				CLANG_WARN_OBJC_LITERAL_CONVERSION = YES;
				CLANG_WARN_OBJC_ROOT_CLASS = YES_ERROR;
				CLANG_WARN_QUOTED_INCLUDE_IN_FRAMEWORK_HEADER = YES;
				CLANG_WARN_RANGE_LOOP_ANALYSIS = YES;
				CLANG_WARN_STRICT_PROTOTYPES = YES;
				CLANG_WARN_SUSPICIOUS_MOVE = YES;
				CLANG_WARN_UNGUARDED_AVAILABILITY = YES_AGGRESSIVE;
				CLANG_WARN_UNREACHABLE_CODE = YES;
				CLANG_WARN__DUPLICATE_METHOD_MATCH = YES;
				COPY_PHASE_STRIP = NO;
				DEBUG_INFORMATION_FORMAT = dwarf;
				ENABLE_STRICT_OBJC_MSGSEND = YES;
				ENABLE_TESTABILITY = YES;
				GCC_C_LANGUAGE_STANDARD = gnu11;
				GCC_DYNAMIC_NO_PIC = NO;
				GCC_NO_COMMON_BLOCKS = YES;
				GCC_OPTIMIZATION_LEVEL = 0;
				GCC_PREPROCESSOR_DEFINITIONS = (
					"DEBUG=1",
					"$(inherited)",
				);
				GCC_WARN_64_TO_32_BIT_CONVERSION = YES;
				GCC_WARN_ABOUT_RETURN_TYPE = YES_ERROR;
				GCC_WARN_UNDECLARED_SELECTOR = YES;
				GCC_WARN_UNINITIALIZED_AUTOS = YES_AGGRESSIVE;
				GCC_WARN_UNUSED_FUNCTION = YES;
				GCC_WARN_UNUSED_VARIABLE = YES;
				IPHONEOS_DEPLOYMENT_TARGET = 14.4;
				MTL_ENABLE_DEBUG_INFO = INCLUDE_SOURCE;
				MTL_FAST_MATH = YES;
				ONLY_ACTIVE_ARCH = YES;
				SDKROOT = iphoneos;
				SWIFT_ACTIVE_COMPILATION_CONDITIONS = DEBUG;
				SWIFT_OPTIMIZATION_LEVEL = "-Onone";
			};
			name = Debug;
		};
		24BA412B26690BE30062F62E /* Release */ = {
			isa = XCBuildConfiguration;
			buildSettings = {
				ALWAYS_SEARCH_USER_PATHS = NO;
				CLANG_ANALYZER_NONNULL = YES;
				CLANG_ANALYZER_NUMBER_OBJECT_CONVERSION = YES_AGGRESSIVE;
				CLANG_CXX_LANGUAGE_STANDARD = "gnu++14";
				CLANG_CXX_LIBRARY = "libc++";
				CLANG_ENABLE_MODULES = YES;
				CLANG_ENABLE_OBJC_ARC = YES;
				CLANG_ENABLE_OBJC_WEAK = YES;
				CLANG_WARN_BLOCK_CAPTURE_AUTORELEASING = YES;
				CLANG_WARN_BOOL_CONVERSION = YES;
				CLANG_WARN_COMMA = YES;
				CLANG_WARN_CONSTANT_CONVERSION = YES;
				CLANG_WARN_DEPRECATED_OBJC_IMPLEMENTATIONS = YES;
				CLANG_WARN_DIRECT_OBJC_ISA_USAGE = YES_ERROR;
				CLANG_WARN_DOCUMENTATION_COMMENTS = YES;
				CLANG_WARN_EMPTY_BODY = YES;
				CLANG_WARN_ENUM_CONVERSION = YES;
				CLANG_WARN_INFINITE_RECURSION = YES;
				CLANG_WARN_INT_CONVERSION = YES;
				CLANG_WARN_NON_LITERAL_NULL_CONVERSION = YES;
				CLANG_WARN_OBJC_IMPLICIT_RETAIN_SELF = YES;
				CLANG_WARN_OBJC_LITERAL_CONVERSION = YES;
				CLANG_WARN_OBJC_ROOT_CLASS = YES_ERROR;
				CLANG_WARN_QUOTED_INCLUDE_IN_FRAMEWORK_HEADER = YES;
				CLANG_WARN_RANGE_LOOP_ANALYSIS = YES;
				CLANG_WARN_STRICT_PROTOTYPES = YES;
				CLANG_WARN_SUSPICIOUS_MOVE = YES;
				CLANG_WARN_UNGUARDED_AVAILABILITY = YES_AGGRESSIVE;
				CLANG_WARN_UNREACHABLE_CODE = YES;
				CLANG_WARN__DUPLICATE_METHOD_MATCH = YES;
				COPY_PHASE_STRIP = NO;
				DEBUG_INFORMATION_FORMAT = "dwarf-with-dsym";
				ENABLE_NS_ASSERTIONS = NO;
				ENABLE_STRICT_OBJC_MSGSEND = YES;
				GCC_C_LANGUAGE_STANDARD = gnu11;
				GCC_NO_COMMON_BLOCKS = YES;
				GCC_WARN_64_TO_32_BIT_CONVERSION = YES;
				GCC_WARN_ABOUT_RETURN_TYPE = YES_ERROR;
				GCC_WARN_UNDECLARED_SELECTOR = YES;
				GCC_WARN_UNINITIALIZED_AUTOS = YES_AGGRESSIVE;
				GCC_WARN_UNUSED_FUNCTION = YES;
				GCC_WARN_UNUSED_VARIABLE = YES;
				IPHONEOS_DEPLOYMENT_TARGET = 14.4;
				MTL_ENABLE_DEBUG_INFO = NO;
				MTL_FAST_MATH = YES;
				SDKROOT = iphoneos;
				SWIFT_COMPILATION_MODE = wholemodule;
				SWIFT_OPTIMIZATION_LEVEL = "-O";
				VALIDATE_PRODUCT = YES;
			};
			name = Release;
		};
		24BA412D26690BE30062F62E /* Debug */ = {
			isa = XCBuildConfiguration;
			buildSettings = {
				ASSETCATALOG_COMPILER_APPICON_NAME = AppIcon;
				ASSETCATALOG_COMPILER_GLOBAL_ACCENT_COLOR_NAME = AccentColor;
				CODE_SIGN_STYLE = Automatic;
				INFOPLIST_FILE = BartenderApp/Info.plist;
				IPHONEOS_DEPLOYMENT_TARGET = 14.5;
				LD_RUNPATH_SEARCH_PATHS = (
					"$(inherited)",
					"@executable_path/Frameworks",
				);
				PRODUCT_BUNDLE_IDENTIFIER = de.test.BartenderApp;
				PRODUCT_NAME = "$(TARGET_NAME)";
				SWIFT_VERSION = 5.0;
				TARGETED_DEVICE_FAMILY = "1,2";
			};
			name = Debug;
		};
		24BA412E26690BE30062F62E /* Release */ = {
			isa = XCBuildConfiguration;
			buildSettings = {
				ASSETCATALOG_COMPILER_APPICON_NAME = AppIcon;
				ASSETCATALOG_COMPILER_GLOBAL_ACCENT_COLOR_NAME = AccentColor;
				CODE_SIGN_STYLE = Automatic;
				INFOPLIST_FILE = BartenderApp/Info.plist;
				IPHONEOS_DEPLOYMENT_TARGET = 14.5;
				LD_RUNPATH_SEARCH_PATHS = (
					"$(inherited)",
					"@executable_path/Frameworks",
				);
				PRODUCT_BUNDLE_IDENTIFIER = de.test.BartenderApp;
				PRODUCT_NAME = "$(TARGET_NAME)";
				SWIFT_VERSION = 5.0;
				TARGETED_DEVICE_FAMILY = "1,2";
			};
			name = Release;
		};
		24BA413026690BE30062F62E /* Debug */ = {
			isa = XCBuildConfiguration;
			buildSettings = {
				ALWAYS_EMBED_SWIFT_STANDARD_LIBRARIES = YES;
				BUNDLE_LOADER = "$(TEST_HOST)";
				CODE_SIGN_STYLE = Automatic;
				INFOPLIST_FILE = BartenderAppTests/Info.plist;
				IPHONEOS_DEPLOYMENT_TARGET = 14.4;
				LD_RUNPATH_SEARCH_PATHS = (
					"$(inherited)",
					"@executable_path/Frameworks",
					"@loader_path/Frameworks",
				);
				PRODUCT_BUNDLE_IDENTIFIER = de.test.BartenderAppTests;
				PRODUCT_NAME = "$(TARGET_NAME)";
				SWIFT_VERSION = 5.0;
				TARGETED_DEVICE_FAMILY = "1,2";
				TEST_HOST = "$(BUILT_PRODUCTS_DIR)/BartenderApp.app/BartenderApp";
			};
			name = Debug;
		};
		24BA413126690BE30062F62E /* Release */ = {
			isa = XCBuildConfiguration;
			buildSettings = {
				ALWAYS_EMBED_SWIFT_STANDARD_LIBRARIES = YES;
				BUNDLE_LOADER = "$(TEST_HOST)";
				CODE_SIGN_STYLE = Automatic;
				INFOPLIST_FILE = BartenderAppTests/Info.plist;
				IPHONEOS_DEPLOYMENT_TARGET = 14.4;
				LD_RUNPATH_SEARCH_PATHS = (
					"$(inherited)",
					"@executable_path/Frameworks",
					"@loader_path/Frameworks",
				);
				PRODUCT_BUNDLE_IDENTIFIER = de.test.BartenderAppTests;
				PRODUCT_NAME = "$(TARGET_NAME)";
				SWIFT_VERSION = 5.0;
				TARGETED_DEVICE_FAMILY = "1,2";
				TEST_HOST = "$(BUILT_PRODUCTS_DIR)/BartenderApp.app/BartenderApp";
			};
			name = Release;
		};
		24BA413326690BE30062F62E /* Debug */ = {
			isa = XCBuildConfiguration;
			buildSettings = {
				ALWAYS_EMBED_SWIFT_STANDARD_LIBRARIES = YES;
				CODE_SIGN_STYLE = Automatic;
				INFOPLIST_FILE = BartenderAppUITests/Info.plist;
				LD_RUNPATH_SEARCH_PATHS = (
					"$(inherited)",
					"@executable_path/Frameworks",
					"@loader_path/Frameworks",
				);
				PRODUCT_BUNDLE_IDENTIFIER = de.test.BartenderAppUITests;
				PRODUCT_NAME = "$(TARGET_NAME)";
				SWIFT_VERSION = 5.0;
				TARGETED_DEVICE_FAMILY = "1,2";
				TEST_TARGET_NAME = BartenderApp;
			};
			name = Debug;
		};
		24BA413426690BE30062F62E /* Release */ = {
			isa = XCBuildConfiguration;
			buildSettings = {
				ALWAYS_EMBED_SWIFT_STANDARD_LIBRARIES = YES;
				CODE_SIGN_STYLE = Automatic;
				INFOPLIST_FILE = BartenderAppUITests/Info.plist;
				LD_RUNPATH_SEARCH_PATHS = (
					"$(inherited)",
					"@executable_path/Frameworks",
					"@loader_path/Frameworks",
				);
				PRODUCT_BUNDLE_IDENTIFIER = de.test.BartenderAppUITests;
				PRODUCT_NAME = "$(TARGET_NAME)";
				SWIFT_VERSION = 5.0;
				TARGETED_DEVICE_FAMILY = "1,2";
				TEST_TARGET_NAME = BartenderApp;
			};
			name = Release;
		};
/* End XCBuildConfiguration section */

/* Begin XCConfigurationList section */
		24BA40FD26690BE10062F62E /* Build configuration list for PBXProject "BartenderApp" */ = {
			isa = XCConfigurationList;
			buildConfigurations = (
				24BA412A26690BE30062F62E /* Debug */,
				24BA412B26690BE30062F62E /* Release */,
			);
			defaultConfigurationIsVisible = 0;
			defaultConfigurationName = Release;
		};
		24BA412C26690BE30062F62E /* Build configuration list for PBXNativeTarget "BartenderApp" */ = {
			isa = XCConfigurationList;
			buildConfigurations = (
				24BA412D26690BE30062F62E /* Debug */,
				24BA412E26690BE30062F62E /* Release */,
			);
			defaultConfigurationIsVisible = 0;
			defaultConfigurationName = Release;
		};
		24BA412F26690BE30062F62E /* Build configuration list for PBXNativeTarget "BartenderAppTests" */ = {
			isa = XCConfigurationList;
			buildConfigurations = (
				24BA413026690BE30062F62E /* Debug */,
				24BA413126690BE30062F62E /* Release */,
			);
			defaultConfigurationIsVisible = 0;
			defaultConfigurationName = Release;
		};
		24BA413226690BE30062F62E /* Build configuration list for PBXNativeTarget "BartenderAppUITests" */ = {
			isa = XCConfigurationList;
			buildConfigurations = (
				24BA413326690BE30062F62E /* Debug */,
				24BA413426690BE30062F62E /* Release */,
			);
			defaultConfigurationIsVisible = 0;
			defaultConfigurationName = Release;
		};
/* End XCConfigurationList section */
	};
	rootObject = 24BA40FA26690BE10062F62E /* Project object */;
}
