// !$*UTF8*$!
{
	archiveVersion = 1;
	classes = {
	};
	objectVersion = 50;
	objects = {

/* Begin PBXBuildFile section */
		240E8501265E925C002FDACF /* RecipeInformationCompositeFallbackLoader.swift in Sources */ = {isa = PBXBuildFile; fileRef = 240E8500265E925C002FDACF /* RecipeInformationCompositeFallbackLoader.swift */; };
		242AB1812671F9B400867CDE /* RecipeManager.swift in Sources */ = {isa = PBXBuildFile; fileRef = 242AB1802671F9B400867CDE /* RecipeManager.swift */; };
		242AB18D26720AAD00867CDE /* FavoriteRecipe.swift in Sources */ = {isa = PBXBuildFile; fileRef = 242AB18C26720AAC00867CDE /* FavoriteRecipe.swift */; };
		2442C473265E8A81000364FA /* RecipeInformation.swift in Sources */ = {isa = PBXBuildFile; fileRef = 2442C472265E8A81000364FA /* RecipeInformation.swift */; };
		2442C476265E8BF2000364FA /* LocalRecipeInformationLoader.swift in Sources */ = {isa = PBXBuildFile; fileRef = 2442C475265E8BF2000364FA /* LocalRecipeInformationLoader.swift */; };
		245F56BC266FE6E5009AD817 /* NutrientParameters.swift in Sources */ = {isa = PBXBuildFile; fileRef = 245F56BB266FE6E5009AD817 /* NutrientParameters.swift */; };
		247145DA2677F72F00C32362 /* RecipeInformationLoader.swift in Sources */ = {isa = PBXBuildFile; fileRef = 247145D92677F72F00C32362 /* RecipeInformationLoader.swift */; };
		24C4F01C26511D7A0061737C /* RecipeFeature.framework in Frameworks */ = {isa = PBXBuildFile; fileRef = 24C4F01226511D790061737C /* RecipeFeature.framework */; };
		24C4F02126511D7A0061737C /* RecipeFeatureTests.swift in Sources */ = {isa = PBXBuildFile; fileRef = 24C4F02026511D7A0061737C /* RecipeFeatureTests.swift */; };
		24C4F02326511D7A0061737C /* RecipeFeature.h in Headers */ = {isa = PBXBuildFile; fileRef = 24C4F01526511D790061737C /* RecipeFeature.h */; settings = {ATTRIBUTES = (Public, ); }; };
		24C4F0462651300E0061737C /* Recipe.swift in Sources */ = {isa = PBXBuildFile; fileRef = 24C4F0422651300D0061737C /* Recipe.swift */; };
		24C4F0472651300E0061737C /* RecipeCache.swift in Sources */ = {isa = PBXBuildFile; fileRef = 24C4F0442651300D0061737C /* RecipeCache.swift */; };
		24C4F0482651300E0061737C /* RecipeLoader.swift in Sources */ = {isa = PBXBuildFile; fileRef = 24C4F0452651300D0061737C /* RecipeLoader.swift */; };
		24C4F04E2651306E0061737C /* CompositeFallbackLoader.swift in Sources */ = {isa = PBXBuildFile; fileRef = 24C4F04B2651306E0061737C /* CompositeFallbackLoader.swift */; };
		24C4F04F2651306E0061737C /* LocalRecipesLoader.swift in Sources */ = {isa = PBXBuildFile; fileRef = 24C4F04D2651306E0061737C /* LocalRecipesLoader.swift */; };
		24C4F054265130C30061737C /* RecipeStore.framework in Frameworks */ = {isa = PBXBuildFile; fileRef = 24C4F053265130C30061737C /* RecipeStore.framework */; };
		24C4F055265130C30061737C /* RecipeStore.framework in Embed Frameworks */ = {isa = PBXBuildFile; fileRef = 24C4F053265130C30061737C /* RecipeStore.framework */; settings = {ATTRIBUTES = (CodeSignOnCopy, RemoveHeadersOnCopy, ); }; };
		24C4F059265130C70061737C /* GenericStore.framework in Frameworks */ = {isa = PBXBuildFile; fileRef = 24C4F058265130C70061737C /* GenericStore.framework */; };
		24C4F05A265130C70061737C /* GenericStore.framework in Embed Frameworks */ = {isa = PBXBuildFile; fileRef = 24C4F058265130C70061737C /* GenericStore.framework */; settings = {ATTRIBUTES = (CodeSignOnCopy, RemoveHeadersOnCopy, ); }; };
		24C4F0EA265141640061737C /* RemoteLoader.swift in Sources */ = {isa = PBXBuildFile; fileRef = 24C4F0E9265141640061737C /* RemoteLoader.swift */; };
		24C4F1402651461B0061737C /* CookingApiService.framework in Frameworks */ = {isa = PBXBuildFile; fileRef = 24C4F13F2651461B0061737C /* CookingApiService.framework */; };
		24C4F1412651461B0061737C /* CookingApiService.framework in Embed Frameworks */ = {isa = PBXBuildFile; fileRef = 24C4F13F2651461B0061737C /* CookingApiService.framework */; settings = {ATTRIBUTES = (CodeSignOnCopy, RemoveHeadersOnCopy, ); }; };
/* End PBXBuildFile section */

/* Begin PBXContainerItemProxy section */
		24C4F01D26511D7A0061737C /* PBXContainerItemProxy */ = {
			isa = PBXContainerItemProxy;
			containerPortal = 24C4F00926511D790061737C /* Project object */;
			proxyType = 1;
			remoteGlobalIDString = 24C4F01126511D790061737C;
			remoteInfo = RecipeFeature;
		};
/* End PBXContainerItemProxy section */

/* Begin PBXCopyFilesBuildPhase section */
		24C4F056265130C30061737C /* Embed Frameworks */ = {
			isa = PBXCopyFilesBuildPhase;
			buildActionMask = 2147483647;
			dstPath = "";
			dstSubfolderSpec = 10;
			files = (
				24C4F05A265130C70061737C /* GenericStore.framework in Embed Frameworks */,
				24C4F055265130C30061737C /* RecipeStore.framework in Embed Frameworks */,
				24C4F1412651461B0061737C /* CookingApiService.framework in Embed Frameworks */,
			);
			name = "Embed Frameworks";
			runOnlyForDeploymentPostprocessing = 0;
		};
/* End PBXCopyFilesBuildPhase section */

/* Begin PBXFileReference section */
		240E8500265E925C002FDACF /* RecipeInformationCompositeFallbackLoader.swift */ = {isa = PBXFileReference; lastKnownFileType = sourcecode.swift; path = RecipeInformationCompositeFallbackLoader.swift; sourceTree = "<group>"; };
		242AB1802671F9B400867CDE /* RecipeManager.swift */ = {isa = PBXFileReference; lastKnownFileType = sourcecode.swift; path = RecipeManager.swift; sourceTree = "<group>"; };
		242AB18C26720AAC00867CDE /* FavoriteRecipe.swift */ = {isa = PBXFileReference; lastKnownFileType = sourcecode.swift; path = FavoriteRecipe.swift; sourceTree = "<group>"; };
		2442C472265E8A81000364FA /* RecipeInformation.swift */ = {isa = PBXFileReference; lastKnownFileType = sourcecode.swift; path = RecipeInformation.swift; sourceTree = "<group>"; };
		2442C475265E8BF2000364FA /* LocalRecipeInformationLoader.swift */ = {isa = PBXFileReference; lastKnownFileType = sourcecode.swift; path = LocalRecipeInformationLoader.swift; sourceTree = "<group>"; };
		245F56BB266FE6E5009AD817 /* NutrientParameters.swift */ = {isa = PBXFileReference; lastKnownFileType = sourcecode.swift; path = NutrientParameters.swift; sourceTree = "<group>"; };
		247145D92677F72F00C32362 /* RecipeInformationLoader.swift */ = {isa = PBXFileReference; lastKnownFileType = sourcecode.swift; path = RecipeInformationLoader.swift; sourceTree = "<group>"; };
		24C4F01226511D790061737C /* RecipeFeature.framework */ = {isa = PBXFileReference; explicitFileType = wrapper.framework; includeInIndex = 0; path = RecipeFeature.framework; sourceTree = BUILT_PRODUCTS_DIR; };
		24C4F01526511D790061737C /* RecipeFeature.h */ = {isa = PBXFileReference; lastKnownFileType = sourcecode.c.h; path = RecipeFeature.h; sourceTree = "<group>"; };
		24C4F01626511D790061737C /* Info.plist */ = {isa = PBXFileReference; lastKnownFileType = text.plist.xml; path = Info.plist; sourceTree = "<group>"; };
		24C4F01B26511D7A0061737C /* RecipeFeatureTests.xctest */ = {isa = PBXFileReference; explicitFileType = wrapper.cfbundle; includeInIndex = 0; path = RecipeFeatureTests.xctest; sourceTree = BUILT_PRODUCTS_DIR; };
		24C4F02026511D7A0061737C /* RecipeFeatureTests.swift */ = {isa = PBXFileReference; lastKnownFileType = sourcecode.swift; path = RecipeFeatureTests.swift; sourceTree = "<group>"; };
		24C4F02226511D7A0061737C /* Info.plist */ = {isa = PBXFileReference; lastKnownFileType = text.plist.xml; path = Info.plist; sourceTree = "<group>"; };
		24C4F0422651300D0061737C /* Recipe.swift */ = {isa = PBXFileReference; fileEncoding = 4; lastKnownFileType = sourcecode.swift; path = Recipe.swift; sourceTree = "<group>"; };
		24C4F0442651300D0061737C /* RecipeCache.swift */ = {isa = PBXFileReference; fileEncoding = 4; lastKnownFileType = sourcecode.swift; path = RecipeCache.swift; sourceTree = "<group>"; };
		24C4F0452651300D0061737C /* RecipeLoader.swift */ = {isa = PBXFileReference; fileEncoding = 4; lastKnownFileType = sourcecode.swift; path = RecipeLoader.swift; sourceTree = "<group>"; };
		24C4F04B2651306E0061737C /* CompositeFallbackLoader.swift */ = {isa = PBXFileReference; fileEncoding = 4; lastKnownFileType = sourcecode.swift; path = CompositeFallbackLoader.swift; sourceTree = "<group>"; };
		24C4F04D2651306E0061737C /* LocalRecipesLoader.swift */ = {isa = PBXFileReference; fileEncoding = 4; lastKnownFileType = sourcecode.swift; path = LocalRecipesLoader.swift; sourceTree = "<group>"; };
		24C4F053265130C30061737C /* RecipeStore.framework */ = {isa = PBXFileReference; explicitFileType = wrapper.framework; path = RecipeStore.framework; sourceTree = BUILT_PRODUCTS_DIR; };
		24C4F058265130C70061737C /* GenericStore.framework */ = {isa = PBXFileReference; explicitFileType = wrapper.framework; path = GenericStore.framework; sourceTree = BUILT_PRODUCTS_DIR; };
		24C4F0E9265141640061737C /* RemoteLoader.swift */ = {isa = PBXFileReference; fileEncoding = 4; lastKnownFileType = sourcecode.swift; path = RemoteLoader.swift; sourceTree = "<group>"; };
		24C4F13F2651461B0061737C /* CookingApiService.framework */ = {isa = PBXFileReference; explicitFileType = wrapper.framework; path = CookingApiService.framework; sourceTree = BUILT_PRODUCTS_DIR; };
/* End PBXFileReference section */

/* Begin PBXFrameworksBuildPhase section */
		24C4F00F26511D790061737C /* Frameworks */ = {
			isa = PBXFrameworksBuildPhase;
			buildActionMask = 2147483647;
			files = (
				24C4F059265130C70061737C /* GenericStore.framework in Frameworks */,
				24C4F054265130C30061737C /* RecipeStore.framework in Frameworks */,
				24C4F1402651461B0061737C /* CookingApiService.framework in Frameworks */,
			);
			runOnlyForDeploymentPostprocessing = 0;
		};
		24C4F01826511D7A0061737C /* Frameworks */ = {
			isa = PBXFrameworksBuildPhase;
			buildActionMask = 2147483647;
			files = (
				24C4F01C26511D7A0061737C /* RecipeFeature.framework in Frameworks */,
			);
			runOnlyForDeploymentPostprocessing = 0;
		};
/* End PBXFrameworksBuildPhase section */

/* Begin PBXGroup section */
		24C4F00826511D790061737C = {
			isa = PBXGroup;
			children = (
				24C4F01426511D790061737C /* RecipeFeature */,
				24C4F01F26511D7A0061737C /* RecipeFeatureTests */,
				24C4F01326511D790061737C /* Products */,
				24C4F052265130C30061737C /* Frameworks */,
			);
			sourceTree = "<group>";
		};
		24C4F01326511D790061737C /* Products */ = {
			isa = PBXGroup;
			children = (
				24C4F01226511D790061737C /* RecipeFeature.framework */,
				24C4F01B26511D7A0061737C /* RecipeFeatureTests.xctest */,
			);
			name = Products;
			sourceTree = "<group>";
		};
		24C4F01426511D790061737C /* RecipeFeature */ = {
			isa = PBXGroup;
			children = (
				24C4F04B2651306E0061737C /* CompositeFallbackLoader.swift */,
				240E8500265E925C002FDACF /* RecipeInformationCompositeFallbackLoader.swift */,
				24C4F0E8265141640061737C /* Recipe API */,
				24C4F04C2651306E0061737C /* Recipe Cache */,
				24C4F0412651300D0061737C /* Model */,
				24C4F0432651300D0061737C /* Protocols */,
				24C4F01526511D790061737C /* RecipeFeature.h */,
				24C4F01626511D790061737C /* Info.plist */,
			);
			path = RecipeFeature;
			sourceTree = "<group>";
		};
		24C4F01F26511D7A0061737C /* RecipeFeatureTests */ = {
			isa = PBXGroup;
			children = (
				24C4F02026511D7A0061737C /* RecipeFeatureTests.swift */,
				24C4F02226511D7A0061737C /* Info.plist */,
			);
			path = RecipeFeatureTests;
			sourceTree = "<group>";
		};
		24C4F0412651300D0061737C /* Model */ = {
			isa = PBXGroup;
			children = (
				245F56BB266FE6E5009AD817 /* NutrientParameters.swift */,
				24C4F0422651300D0061737C /* Recipe.swift */,
				2442C472265E8A81000364FA /* RecipeInformation.swift */,
				242AB18C26720AAC00867CDE /* FavoriteRecipe.swift */,
			);
			path = Model;
			sourceTree = "<group>";
		};
		24C4F0432651300D0061737C /* Protocols */ = {
			isa = PBXGroup;
			children = (
				24C4F0452651300D0061737C /* RecipeLoader.swift */,
				247145D92677F72F00C32362 /* RecipeInformationLoader.swift */,
				24C4F0442651300D0061737C /* RecipeCache.swift */,
			);
			path = Protocols;
			sourceTree = "<group>";
		};
		24C4F04C2651306E0061737C /* Recipe Cache */ = {
			isa = PBXGroup;
			children = (
				24C4F04D2651306E0061737C /* LocalRecipesLoader.swift */,
				2442C475265E8BF2000364FA /* LocalRecipeInformationLoader.swift */,
				242AB1802671F9B400867CDE /* RecipeManager.swift */,
			);
			path = "Recipe Cache";
			sourceTree = "<group>";
		};
		24C4F052265130C30061737C /* Frameworks */ = {
			isa = PBXGroup;
			children = (
				24C4F13F2651461B0061737C /* CookingApiService.framework */,
				24C4F058265130C70061737C /* GenericStore.framework */,
				24C4F053265130C30061737C /* RecipeStore.framework */,
			);
			name = Frameworks;
			sourceTree = "<group>";
		};
		24C4F0E8265141640061737C /* Recipe API */ = {
			isa = PBXGroup;
			children = (
				24C4F0E9265141640061737C /* RemoteLoader.swift */,
			);
			path = "Recipe API";
			sourceTree = "<group>";
		};
/* End PBXGroup section */

/* Begin PBXHeadersBuildPhase section */
		24C4F00D26511D790061737C /* Headers */ = {
			isa = PBXHeadersBuildPhase;
			buildActionMask = 2147483647;
			files = (
				24C4F02326511D7A0061737C /* RecipeFeature.h in Headers */,
			);
			runOnlyForDeploymentPostprocessing = 0;
		};
/* End PBXHeadersBuildPhase section */

/* Begin PBXNativeTarget section */
		24C4F01126511D790061737C /* RecipeFeature */ = {
			isa = PBXNativeTarget;
			buildConfigurationList = 24C4F02626511D7A0061737C /* Build configuration list for PBXNativeTarget "RecipeFeature" */;
			buildPhases = (
				24C4F00D26511D790061737C /* Headers */,
				24C4F00E26511D790061737C /* Sources */,
				24C4F00F26511D790061737C /* Frameworks */,
				24C4F01026511D790061737C /* Resources */,
				24C4F056265130C30061737C /* Embed Frameworks */,
			);
			buildRules = (
			);
			dependencies = (
			);
			name = RecipeFeature;
			productName = RecipeFeature;
			productReference = 24C4F01226511D790061737C /* RecipeFeature.framework */;
			productType = "com.apple.product-type.framework";
		};
		24C4F01A26511D7A0061737C /* RecipeFeatureTests */ = {
			isa = PBXNativeTarget;
			buildConfigurationList = 24C4F02926511D7A0061737C /* Build configuration list for PBXNativeTarget "RecipeFeatureTests" */;
			buildPhases = (
				24C4F01726511D7A0061737C /* Sources */,
				24C4F01826511D7A0061737C /* Frameworks */,
				24C4F01926511D7A0061737C /* Resources */,
			);
			buildRules = (
			);
			dependencies = (
				24C4F01E26511D7A0061737C /* PBXTargetDependency */,
			);
			name = RecipeFeatureTests;
			productName = RecipeFeatureTests;
			productReference = 24C4F01B26511D7A0061737C /* RecipeFeatureTests.xctest */;
			productType = "com.apple.product-type.bundle.unit-test";
		};
/* End PBXNativeTarget section */

/* Begin PBXProject section */
		24C4F00926511D790061737C /* Project object */ = {
			isa = PBXProject;
			attributes = {
				LastSwiftUpdateCheck = 1240;
				LastUpgradeCheck = 1240;
				TargetAttributes = {
					24C4F01126511D790061737C = {
						CreatedOnToolsVersion = 12.4;
					};
					24C4F01A26511D7A0061737C = {
						CreatedOnToolsVersion = 12.4;
					};
				};
			};
			buildConfigurationList = 24C4F00C26511D790061737C /* Build configuration list for PBXProject "RecipeFeature" */;
			compatibilityVersion = "Xcode 9.3";
			developmentRegion = en;
			hasScannedForEncodings = 0;
			knownRegions = (
				en,
				Base,
			);
			mainGroup = 24C4F00826511D790061737C;
			productRefGroup = 24C4F01326511D790061737C /* Products */;
			projectDirPath = "";
			projectRoot = "";
			targets = (
				24C4F01126511D790061737C /* RecipeFeature */,
				24C4F01A26511D7A0061737C /* RecipeFeatureTests */,
			);
		};
/* End PBXProject section */

/* Begin PBXResourcesBuildPhase section */
		24C4F01026511D790061737C /* Resources */ = {
			isa = PBXResourcesBuildPhase;
			buildActionMask = 2147483647;
			files = (
			);
			runOnlyForDeploymentPostprocessing = 0;
		};
		24C4F01926511D7A0061737C /* Resources */ = {
			isa = PBXResourcesBuildPhase;
			buildActionMask = 2147483647;
			files = (
			);
			runOnlyForDeploymentPostprocessing = 0;
		};
/* End PBXResourcesBuildPhase section */

/* Begin PBXSourcesBuildPhase section */
		24C4F00E26511D790061737C /* Sources */ = {
			isa = PBXSourcesBuildPhase;
			buildActionMask = 2147483647;
			files = (
				24C4F04F2651306E0061737C /* LocalRecipesLoader.swift in Sources */,
				247145DA2677F72F00C32362 /* RecipeInformationLoader.swift in Sources */,
				2442C476265E8BF2000364FA /* LocalRecipeInformationLoader.swift in Sources */,
				24C4F0472651300E0061737C /* RecipeCache.swift in Sources */,
				24C4F0462651300E0061737C /* Recipe.swift in Sources */,
				240E8501265E925C002FDACF /* RecipeInformationCompositeFallbackLoader.swift in Sources */,
				2442C473265E8A81000364FA /* RecipeInformation.swift in Sources */,
				242AB1812671F9B400867CDE /* RecipeManager.swift in Sources */,
				242AB18D26720AAD00867CDE /* FavoriteRecipe.swift in Sources */,
				24C4F04E2651306E0061737C /* CompositeFallbackLoader.swift in Sources */,
				245F56BC266FE6E5009AD817 /* NutrientParameters.swift in Sources */,
				24C4F0EA265141640061737C /* RemoteLoader.swift in Sources */,
				24C4F0482651300E0061737C /* RecipeLoader.swift in Sources */,
			);
			runOnlyForDeploymentPostprocessing = 0;
		};
		24C4F01726511D7A0061737C /* Sources */ = {
			isa = PBXSourcesBuildPhase;
			buildActionMask = 2147483647;
			files = (
				24C4F02126511D7A0061737C /* RecipeFeatureTests.swift in Sources */,
			);
			runOnlyForDeploymentPostprocessing = 0;
		};
/* End PBXSourcesBuildPhase section */

/* Begin PBXTargetDependency section */
		24C4F01E26511D7A0061737C /* PBXTargetDependency */ = {
			isa = PBXTargetDependency;
			target = 24C4F01126511D790061737C /* RecipeFeature */;
			targetProxy = 24C4F01D26511D7A0061737C /* PBXContainerItemProxy */;
		};
/* End PBXTargetDependency section */

/* Begin XCBuildConfiguration section */
		24C4F02426511D7A0061737C /* Debug */ = {
			isa = XCBuildConfiguration;
			buildSettings = {
				ALWAYS_SEARCH_USER_PATHS = NO;
				CLANG_ANALYZER_NONNULL = YES;
				CLANG_ANALYZER_NUMBER_OBJECT_CONVERSION = YES_AGGRESSIVE;
				CLANG_CXX_LANGUAGE_STANDARD = "gnu++14";
				CLANG_CXX_LIBRARY = "libc++";
				CLANG_ENABLE_MODULES = YES;
				CLANG_ENABLE_OBJC_ARC = YES;
				CLANG_ENABLE_OBJC_WEAK = YES;
				CLANG_WARN_BLOCK_CAPTURE_AUTORELEASING = YES;
				CLANG_WARN_BOOL_CONVERSION = YES;
				CLANG_WARN_COMMA = YES;
				CLANG_WARN_CONSTANT_CONVERSION = YES;
				CLANG_WARN_DEPRECATED_OBJC_IMPLEMENTATIONS = YES;
				CLANG_WARN_DIRECT_OBJC_ISA_USAGE = YES_ERROR;
				CLANG_WARN_DOCUMENTATION_COMMENTS = YES;
				CLANG_WARN_EMPTY_BODY = YES;
				CLANG_WARN_ENUM_CONVERSION = YES;
				CLANG_WARN_INFINITE_RECURSION = YES;
				CLANG_WARN_INT_CONVERSION = YES;
				CLANG_WARN_NON_LITERAL_NULL_CONVERSION = YES;
				CLANG_WARN_OBJC_IMPLICIT_RETAIN_SELF = YES;
				CLANG_WARN_OBJC_LITERAL_CONVERSION = YES;
				CLANG_WARN_OBJC_ROOT_CLASS = YES_ERROR;
				CLANG_WARN_QUOTED_INCLUDE_IN_FRAMEWORK_HEADER = YES;
				CLANG_WARN_RANGE_LOOP_ANALYSIS = YES;
				CLANG_WARN_STRICT_PROTOTYPES = YES;
				CLANG_WARN_SUSPICIOUS_MOVE = YES;
				CLANG_WARN_UNGUARDED_AVAILABILITY = YES_AGGRESSIVE;
				CLANG_WARN_UNREACHABLE_CODE = YES;
				CLANG_WARN__DUPLICATE_METHOD_MATCH = YES;
				COPY_PHASE_STRIP = NO;
				CURRENT_PROJECT_VERSION = 1;
				DEBUG_INFORMATION_FORMAT = dwarf;
				ENABLE_STRICT_OBJC_MSGSEND = YES;
				ENABLE_TESTABILITY = YES;
				GCC_C_LANGUAGE_STANDARD = gnu11;
				GCC_DYNAMIC_NO_PIC = NO;
				GCC_NO_COMMON_BLOCKS = YES;
				GCC_OPTIMIZATION_LEVEL = 0;
				GCC_PREPROCESSOR_DEFINITIONS = (
					"DEBUG=1",
					"$(inherited)",
				);
				GCC_WARN_64_TO_32_BIT_CONVERSION = YES;
				GCC_WARN_ABOUT_RETURN_TYPE = YES_ERROR;
				GCC_WARN_UNDECLARED_SELECTOR = YES;
				GCC_WARN_UNINITIALIZED_AUTOS = YES_AGGRESSIVE;
				GCC_WARN_UNUSED_FUNCTION = YES;
				GCC_WARN_UNUSED_VARIABLE = YES;
				IPHONEOS_DEPLOYMENT_TARGET = 14.5;
				MTL_ENABLE_DEBUG_INFO = INCLUDE_SOURCE;
				MTL_FAST_MATH = YES;
				ONLY_ACTIVE_ARCH = YES;
				SDKROOT = iphoneos;
				SWIFT_ACTIVE_COMPILATION_CONDITIONS = DEBUG;
				SWIFT_OPTIMIZATION_LEVEL = "-Onone";
				VERSIONING_SYSTEM = "apple-generic";
				VERSION_INFO_PREFIX = "";
			};
			name = Debug;
		};
		24C4F02526511D7A0061737C /* Release */ = {
			isa = XCBuildConfiguration;
			buildSettings = {
				ALWAYS_SEARCH_USER_PATHS = NO;
				CLANG_ANALYZER_NONNULL = YES;
				CLANG_ANALYZER_NUMBER_OBJECT_CONVERSION = YES_AGGRESSIVE;
				CLANG_CXX_LANGUAGE_STANDARD = "gnu++14";
				CLANG_CXX_LIBRARY = "libc++";
				CLANG_ENABLE_MODULES = YES;
				CLANG_ENABLE_OBJC_ARC = YES;
				CLANG_ENABLE_OBJC_WEAK = YES;
				CLANG_WARN_BLOCK_CAPTURE_AUTORELEASING = YES;
				CLANG_WARN_BOOL_CONVERSION = YES;
				CLANG_WARN_COMMA = YES;
				CLANG_WARN_CONSTANT_CONVERSION = YES;
				CLANG_WARN_DEPRECATED_OBJC_IMPLEMENTATIONS = YES;
				CLANG_WARN_DIRECT_OBJC_ISA_USAGE = YES_ERROR;
				CLANG_WARN_DOCUMENTATION_COMMENTS = YES;
				CLANG_WARN_EMPTY_BODY = YES;
				CLANG_WARN_ENUM_CONVERSION = YES;
				CLANG_WARN_INFINITE_RECURSION = YES;
				CLANG_WARN_INT_CONVERSION = YES;
				CLANG_WARN_NON_LITERAL_NULL_CONVERSION = YES;
				CLANG_WARN_OBJC_IMPLICIT_RETAIN_SELF = YES;
				CLANG_WARN_OBJC_LITERAL_CONVERSION = YES;
				CLANG_WARN_OBJC_ROOT_CLASS = YES_ERROR;
				CLANG_WARN_QUOTED_INCLUDE_IN_FRAMEWORK_HEADER = YES;
				CLANG_WARN_RANGE_LOOP_ANALYSIS = YES;
				CLANG_WARN_STRICT_PROTOTYPES = YES;
				CLANG_WARN_SUSPICIOUS_MOVE = YES;
				CLANG_WARN_UNGUARDED_AVAILABILITY = YES_AGGRESSIVE;
				CLANG_WARN_UNREACHABLE_CODE = YES;
				CLANG_WARN__DUPLICATE_METHOD_MATCH = YES;
				COPY_PHASE_STRIP = NO;
				CURRENT_PROJECT_VERSION = 1;
				DEBUG_INFORMATION_FORMAT = "dwarf-with-dsym";
				ENABLE_NS_ASSERTIONS = NO;
				ENABLE_STRICT_OBJC_MSGSEND = YES;
				GCC_C_LANGUAGE_STANDARD = gnu11;
				GCC_NO_COMMON_BLOCKS = YES;
				GCC_WARN_64_TO_32_BIT_CONVERSION = YES;
				GCC_WARN_ABOUT_RETURN_TYPE = YES_ERROR;
				GCC_WARN_UNDECLARED_SELECTOR = YES;
				GCC_WARN_UNINITIALIZED_AUTOS = YES_AGGRESSIVE;
				GCC_WARN_UNUSED_FUNCTION = YES;
				GCC_WARN_UNUSED_VARIABLE = YES;
				IPHONEOS_DEPLOYMENT_TARGET = 14.5;
				MTL_ENABLE_DEBUG_INFO = NO;
				MTL_FAST_MATH = YES;
				SDKROOT = iphoneos;
				SWIFT_COMPILATION_MODE = wholemodule;
				SWIFT_OPTIMIZATION_LEVEL = "-O";
				VALIDATE_PRODUCT = YES;
				VERSIONING_SYSTEM = "apple-generic";
				VERSION_INFO_PREFIX = "";
			};
			name = Release;
		};
		24C4F02726511D7A0061737C /* Debug */ = {
			isa = XCBuildConfiguration;
			buildSettings = {
				CODE_SIGN_STYLE = Automatic;
				DEFINES_MODULE = YES;
				DYLIB_COMPATIBILITY_VERSION = 1;
				DYLIB_CURRENT_VERSION = 1;
				DYLIB_INSTALL_NAME_BASE = "@rpath";
				INFOPLIST_FILE = RecipeFeature/Info.plist;
				INSTALL_PATH = "$(LOCAL_LIBRARY_DIR)/Frameworks";
				LD_RUNPATH_SEARCH_PATHS = (
					"$(inherited)",
					"@executable_path/Frameworks",
					"@loader_path/Frameworks",
				);
				PRODUCT_BUNDLE_IDENTIFIER = de.test.RecipeFeature;
				PRODUCT_NAME = "$(TARGET_NAME:c99extidentifier)";
				SKIP_INSTALL = YES;
				SWIFT_VERSION = 5.0;
				TARGETED_DEVICE_FAMILY = "1,2";
			};
			name = Debug;
		};
		24C4F02826511D7A0061737C /* Release */ = {
			isa = XCBuildConfiguration;
			buildSettings = {
				CODE_SIGN_STYLE = Automatic;
				DEFINES_MODULE = YES;
				DYLIB_COMPATIBILITY_VERSION = 1;
				DYLIB_CURRENT_VERSION = 1;
				DYLIB_INSTALL_NAME_BASE = "@rpath";
				INFOPLIST_FILE = RecipeFeature/Info.plist;
				INSTALL_PATH = "$(LOCAL_LIBRARY_DIR)/Frameworks";
				LD_RUNPATH_SEARCH_PATHS = (
					"$(inherited)",
					"@executable_path/Frameworks",
					"@loader_path/Frameworks",
				);
				PRODUCT_BUNDLE_IDENTIFIER = de.test.RecipeFeature;
				PRODUCT_NAME = "$(TARGET_NAME:c99extidentifier)";
				SKIP_INSTALL = YES;
				SWIFT_VERSION = 5.0;
				TARGETED_DEVICE_FAMILY = "1,2";
			};
			name = Release;
		};
		24C4F02A26511D7A0061737C /* Debug */ = {
			isa = XCBuildConfiguration;
			buildSettings = {
				ALWAYS_EMBED_SWIFT_STANDARD_LIBRARIES = YES;
				CODE_SIGN_STYLE = Automatic;
				INFOPLIST_FILE = RecipeFeatureTests/Info.plist;
				LD_RUNPATH_SEARCH_PATHS = (
					"$(inherited)",
					"@executable_path/Frameworks",
					"@loader_path/Frameworks",
				);
				PRODUCT_BUNDLE_IDENTIFIER = de.test.RecipeFeatureTests;
				PRODUCT_NAME = "$(TARGET_NAME)";
				SWIFT_VERSION = 5.0;
				TARGETED_DEVICE_FAMILY = "1,2";
			};
			name = Debug;
		};
		24C4F02B26511D7A0061737C /* Release */ = {
			isa = XCBuildConfiguration;
			buildSettings = {
				ALWAYS_EMBED_SWIFT_STANDARD_LIBRARIES = YES;
				CODE_SIGN_STYLE = Automatic;
				INFOPLIST_FILE = RecipeFeatureTests/Info.plist;
				LD_RUNPATH_SEARCH_PATHS = (
					"$(inherited)",
					"@executable_path/Frameworks",
					"@loader_path/Frameworks",
				);
				PRODUCT_BUNDLE_IDENTIFIER = de.test.RecipeFeatureTests;
				PRODUCT_NAME = "$(TARGET_NAME)";
				SWIFT_VERSION = 5.0;
				TARGETED_DEVICE_FAMILY = "1,2";
			};
			name = Release;
		};
/* End XCBuildConfiguration section */

/* Begin XCConfigurationList section */
		24C4F00C26511D790061737C /* Build configuration list for PBXProject "RecipeFeature" */ = {
			isa = XCConfigurationList;
			buildConfigurations = (
				24C4F02426511D7A0061737C /* Debug */,
				24C4F02526511D7A0061737C /* Release */,
			);
			defaultConfigurationIsVisible = 0;
			defaultConfigurationName = Release;
		};
		24C4F02626511D7A0061737C /* Build configuration list for PBXNativeTarget "RecipeFeature" */ = {
			isa = XCConfigurationList;
			buildConfigurations = (
				24C4F02726511D7A0061737C /* Debug */,
				24C4F02826511D7A0061737C /* Release */,
			);
			defaultConfigurationIsVisible = 0;
			defaultConfigurationName = Release;
		};
		24C4F02926511D7A0061737C /* Build configuration list for PBXNativeTarget "RecipeFeatureTests" */ = {
			isa = XCConfigurationList;
			buildConfigurations = (
				24C4F02A26511D7A0061737C /* Debug */,
				24C4F02B26511D7A0061737C /* Release */,
			);
			defaultConfigurationIsVisible = 0;
			defaultConfigurationName = Release;
		};
/* End XCConfigurationList section */
	};
	rootObject = 24C4F00926511D790061737C /* Project object */;
}
