// !$*UTF8*$!
{
	archiveVersion = 1;
	classes = {
	};
	objectVersion = 50;
	objects = {

/* Begin PBXBuildFile section */
		2436A9BA26335698002282CE /* UserApiService.framework in Frameworks */ = {isa = PBXBuildFile; fileRef = 2436A9B026335697002282CE /* UserApiService.framework */; };
		2436A9BF26335698002282CE /* UserApiServiceTests.swift in Sources */ = {isa = PBXBuildFile; fileRef = 2436A9BE26335698002282CE /* UserApiServiceTests.swift */; };
		2436A9C126335698002282CE /* UserApiService.h in Headers */ = {isa = PBXBuildFile; fileRef = 2436A9B326335697002282CE /* UserApiService.h */; settings = {ATTRIBUTES = (Public, ); }; };
		2436A9E126335DC2002282CE /* NetworkingService.framework in Frameworks */ = {isa = PBXBuildFile; fileRef = 2436A9D926335DB7002282CE /* NetworkingService.framework */; };
		2436A9E226335DC2002282CE /* NetworkingService.framework in Embed Frameworks */ = {isa = PBXBuildFile; fileRef = 2436A9D926335DB7002282CE /* NetworkingService.framework */; settings = {ATTRIBUTES = (CodeSignOnCopy, RemoveHeadersOnCopy, ); }; };
		2436A9E926335FAD002282CE /* UserApiService.swift in Sources */ = {isa = PBXBuildFile; fileRef = 2436A9E826335FAD002282CE /* UserApiService.swift */; };
		2436A9EE26335FF1002282CE /* UserApiRemote.swift in Sources */ = {isa = PBXBuildFile; fileRef = 2436A9ED26335FF1002282CE /* UserApiRemote.swift */; };
		2436A9FE26336456002282CE /* Models.swift in Sources */ = {isa = PBXBuildFile; fileRef = 2436A9FD26336456002282CE /* Models.swift */; };
		2436AA02263368D0002282CE /* UserApiServiceTests+Helpers.swift in Sources */ = {isa = PBXBuildFile; fileRef = 2436AA01263368D0002282CE /* UserApiServiceTests+Helpers.swift */; };
		24D650922636E2E400D81CC6 /* TestHelpers.framework in Frameworks */ = {isa = PBXBuildFile; fileRef = 24D6508D2636E28800D81CC6 /* TestHelpers.framework */; };
/* End PBXBuildFile section */

/* Begin PBXContainerItemProxy section */
		2436A9BB26335698002282CE /* PBXContainerItemProxy */ = {
			isa = PBXContainerItemProxy;
			containerPortal = 2436A9A726335697002282CE /* Project object */;
			proxyType = 1;
			remoteGlobalIDString = 2436A9AF26335697002282CE;
			remoteInfo = UserApiService;
		};
		2436A9D826335DB7002282CE /* PBXContainerItemProxy */ = {
			isa = PBXContainerItemProxy;
			containerPortal = 2436A9D326335DB7002282CE /* NetworkingService.xcodeproj */;
			proxyType = 2;
			remoteGlobalIDString = 24C8D9D12632DE2E00887D44;
			remoteInfo = NetworkingService;
		};
		2436A9DA26335DB7002282CE /* PBXContainerItemProxy */ = {
			isa = PBXContainerItemProxy;
			containerPortal = 2436A9D326335DB7002282CE /* NetworkingService.xcodeproj */;
			proxyType = 2;
			remoteGlobalIDString = 24C8D9DA2632DE2E00887D44;
			remoteInfo = NetworkingServiceTests;
		};
		24D6508C2636E28800D81CC6 /* PBXContainerItemProxy */ = {
			isa = PBXContainerItemProxy;
			containerPortal = 24D650852636E28800D81CC6 /* TestHelpers.xcodeproj */;
			proxyType = 2;
			remoteGlobalIDString = 249FA3D02636DCBF00E0A7D5;
			remoteInfo = TestHelpers;
		};
		24D6508F2636E2C800D81CC6 /* PBXContainerItemProxy */ = {
			isa = PBXContainerItemProxy;
			containerPortal = 24D650852636E28800D81CC6 /* TestHelpers.xcodeproj */;
			proxyType = 1;
			remoteGlobalIDString = 249FA3CF2636DCBF00E0A7D5;
			remoteInfo = TestHelpers;
		};
/* End PBXContainerItemProxy section */

/* Begin PBXCopyFilesBuildPhase section */
		2436A9E326335DC2002282CE /* Embed Frameworks */ = {
			isa = PBXCopyFilesBuildPhase;
			buildActionMask = 2147483647;
			dstPath = "";
			dstSubfolderSpec = 10;
			files = (
				2436A9E226335DC2002282CE /* NetworkingService.framework in Embed Frameworks */,
			);
			name = "Embed Frameworks";
			runOnlyForDeploymentPostprocessing = 0;
		};
/* End PBXCopyFilesBuildPhase section */

/* Begin PBXFileReference section */
		2436A9B026335697002282CE /* UserApiService.framework */ = {isa = PBXFileReference; explicitFileType = wrapper.framework; includeInIndex = 0; path = UserApiService.framework; sourceTree = BUILT_PRODUCTS_DIR; };
		2436A9B326335697002282CE /* UserApiService.h */ = {isa = PBXFileReference; lastKnownFileType = sourcecode.c.h; path = UserApiService.h; sourceTree = "<group>"; };
		2436A9B426335697002282CE /* Info.plist */ = {isa = PBXFileReference; lastKnownFileType = text.plist.xml; path = Info.plist; sourceTree = "<group>"; };
		2436A9B926335698002282CE /* UserApiServiceTests.xctest */ = {isa = PBXFileReference; explicitFileType = wrapper.cfbundle; includeInIndex = 0; path = UserApiServiceTests.xctest; sourceTree = BUILT_PRODUCTS_DIR; };
		2436A9BE26335698002282CE /* UserApiServiceTests.swift */ = {isa = PBXFileReference; lastKnownFileType = sourcecode.swift; path = UserApiServiceTests.swift; sourceTree = "<group>"; };
		2436A9C026335698002282CE /* Info.plist */ = {isa = PBXFileReference; lastKnownFileType = text.plist.xml; path = Info.plist; sourceTree = "<group>"; };
		2436A9D326335DB7002282CE /* NetworkingService.xcodeproj */ = {isa = PBXFileReference; lastKnownFileType = "wrapper.pb-project"; name = NetworkingService.xcodeproj; path = ../NetworkingService/NetworkingService.xcodeproj; sourceTree = "<group>"; };
		2436A9E826335FAD002282CE /* UserApiService.swift */ = {isa = PBXFileReference; lastKnownFileType = sourcecode.swift; path = UserApiService.swift; sourceTree = "<group>"; };
		2436A9ED26335FF1002282CE /* UserApiRemote.swift */ = {isa = PBXFileReference; lastKnownFileType = sourcecode.swift; path = UserApiRemote.swift; sourceTree = "<group>"; };
		2436A9FD26336456002282CE /* Models.swift */ = {isa = PBXFileReference; lastKnownFileType = sourcecode.swift; path = Models.swift; sourceTree = "<group>"; };
		2436AA01263368D0002282CE /* UserApiServiceTests+Helpers.swift */ = {isa = PBXFileReference; lastKnownFileType = sourcecode.swift; path = "UserApiServiceTests+Helpers.swift"; sourceTree = "<group>"; };
		24D650852636E28800D81CC6 /* TestHelpers.xcodeproj */ = {isa = PBXFileReference; lastKnownFileType = "wrapper.pb-project"; name = TestHelpers.xcodeproj; path = ../TestHelpers/TestHelpers.xcodeproj; sourceTree = "<group>"; };
/* End PBXFileReference section */

/* Begin PBXFrameworksBuildPhase section */
		2436A9AD26335697002282CE /* Frameworks */ = {
			isa = PBXFrameworksBuildPhase;
			buildActionMask = 2147483647;
			files = (
				2436A9E126335DC2002282CE /* NetworkingService.framework in Frameworks */,
			);
			runOnlyForDeploymentPostprocessing = 0;
		};
		2436A9B626335698002282CE /* Frameworks */ = {
			isa = PBXFrameworksBuildPhase;
			buildActionMask = 2147483647;
			files = (
				24D650922636E2E400D81CC6 /* TestHelpers.framework in Frameworks */,
				2436A9BA26335698002282CE /* UserApiService.framework in Frameworks */,
			);
			runOnlyForDeploymentPostprocessing = 0;
		};
/* End PBXFrameworksBuildPhase section */

/* Begin PBXGroup section */
		2436A9A626335697002282CE = {
			isa = PBXGroup;
			children = (
				24D650852636E28800D81CC6 /* TestHelpers.xcodeproj */,
				2436A9D326335DB7002282CE /* NetworkingService.xcodeproj */,
				2436A9B226335697002282CE /* UserApiService */,
				2436A9BD26335698002282CE /* UserApiServiceTests */,
				2436A9B126335697002282CE /* Products */,
				2436A9E026335DC2002282CE /* Frameworks */,
			);
			sourceTree = "<group>";
		};
		2436A9B126335697002282CE /* Products */ = {
			isa = PBXGroup;
			children = (
				2436A9B026335697002282CE /* UserApiService.framework */,
				2436A9B926335698002282CE /* UserApiServiceTests.xctest */,
			);
			name = Products;
			sourceTree = "<group>";
		};
		2436A9B226335697002282CE /* UserApiService */ = {
			isa = PBXGroup;
			children = (
				2436A9FA26336423002282CE /* Model */,
				2436A9B326335697002282CE /* UserApiService.h */,
				2436A9B426335697002282CE /* Info.plist */,
				2436A9E826335FAD002282CE /* UserApiService.swift */,
				2436A9ED26335FF1002282CE /* UserApiRemote.swift */,
			);
			path = UserApiService;
			sourceTree = "<group>";
		};
		2436A9BD26335698002282CE /* UserApiServiceTests */ = {
			isa = PBXGroup;
			children = (
				2436A9CC26335CE4002282CE /* Helpers */,
				2436A9BE26335698002282CE /* UserApiServiceTests.swift */,
				2436A9C026335698002282CE /* Info.plist */,
			);
			path = UserApiServiceTests;
			sourceTree = "<group>";
		};
		2436A9CC26335CE4002282CE /* Helpers */ = {
			isa = PBXGroup;
			children = (
				2436AA01263368D0002282CE /* UserApiServiceTests+Helpers.swift */,
			);
			path = Helpers;
			sourceTree = "<group>";
		};
		2436A9D426335DB7002282CE /* Products */ = {
			isa = PBXGroup;
			children = (
				2436A9D926335DB7002282CE /* NetworkingService.framework */,
				2436A9DB26335DB7002282CE /* NetworkingServiceTests.xctest */,
			);
			name = Products;
			sourceTree = "<group>";
		};
		2436A9E026335DC2002282CE /* Frameworks */ = {
			isa = PBXGroup;
			children = (
			);
			name = Frameworks;
			sourceTree = "<group>";
		};
		2436A9FA26336423002282CE /* Model */ = {
			isa = PBXGroup;
			children = (
				2436A9FD26336456002282CE /* Models.swift */,
			);
			path = Model;
			sourceTree = "<group>";
		};
		24D650862636E28800D81CC6 /* Products */ = {
			isa = PBXGroup;
			children = (
				24D6508D2636E28800D81CC6 /* TestHelpers.framework */,
			);
			name = Products;
			sourceTree = "<group>";
		};
/* End PBXGroup section */

/* Begin PBXHeadersBuildPhase section */
		2436A9AB26335697002282CE /* Headers */ = {
			isa = PBXHeadersBuildPhase;
			buildActionMask = 2147483647;
			files = (
				2436A9C126335698002282CE /* UserApiService.h in Headers */,
			);
			runOnlyForDeploymentPostprocessing = 0;
		};
/* End PBXHeadersBuildPhase section */

/* Begin PBXNativeTarget section */
		2436A9AF26335697002282CE /* UserApiService */ = {
			isa = PBXNativeTarget;
			buildConfigurationList = 2436A9C426335698002282CE /* Build configuration list for PBXNativeTarget "UserApiService" */;
			buildPhases = (
				2436A9AB26335697002282CE /* Headers */,
				2436A9AC26335697002282CE /* Sources */,
				2436A9AD26335697002282CE /* Frameworks */,
				2436A9AE26335697002282CE /* Resources */,
				2436A9E326335DC2002282CE /* Embed Frameworks */,
			);
			buildRules = (
			);
			dependencies = (
			);
			name = UserApiService;
			productName = UserApiService;
			productReference = 2436A9B026335697002282CE /* UserApiService.framework */;
			productType = "com.apple.product-type.framework";
		};
		2436A9B826335698002282CE /* UserApiServiceTests */ = {
			isa = PBXNativeTarget;
			buildConfigurationList = 2436A9C726335698002282CE /* Build configuration list for PBXNativeTarget "UserApiServiceTests" */;
			buildPhases = (
				2436A9B526335698002282CE /* Sources */,
				2436A9B626335698002282CE /* Frameworks */,
				2436A9B726335698002282CE /* Resources */,
			);
			buildRules = (
			);
			dependencies = (
				24D650902636E2C800D81CC6 /* PBXTargetDependency */,
				2436A9BC26335698002282CE /* PBXTargetDependency */,
			);
			name = UserApiServiceTests;
			productName = UserApiServiceTests;
			productReference = 2436A9B926335698002282CE /* UserApiServiceTests.xctest */;
			productType = "com.apple.product-type.bundle.unit-test";
		};
/* End PBXNativeTarget section */

/* Begin PBXProject section */
		2436A9A726335697002282CE /* Project object */ = {
			isa = PBXProject;
			attributes = {
				LastSwiftUpdateCheck = 1240;
				LastUpgradeCheck = 1240;
				TargetAttributes = {
					2436A9AF26335697002282CE = {
						CreatedOnToolsVersion = 12.4;
						LastSwiftMigration = 1240;
					};
					2436A9B826335698002282CE = {
						CreatedOnToolsVersion = 12.4;
					};
				};
			};
			buildConfigurationList = 2436A9AA26335697002282CE /* Build configuration list for PBXProject "UserApiService" */;
			compatibilityVersion = "Xcode 9.3";
			developmentRegion = en;
			hasScannedForEncodings = 0;
			knownRegions = (
				en,
				Base,
			);
			mainGroup = 2436A9A626335697002282CE;
			productRefGroup = 2436A9B126335697002282CE /* Products */;
			projectDirPath = "";
			projectReferences = (
				{
					ProductGroup = 2436A9D426335DB7002282CE /* Products */;
					ProjectRef = 2436A9D326335DB7002282CE /* NetworkingService.xcodeproj */;
				},
				{
					ProductGroup = 24D650862636E28800D81CC6 /* Products */;
					ProjectRef = 24D650852636E28800D81CC6 /* TestHelpers.xcodeproj */;
				},
			);
			projectRoot = "";
			targets = (
				2436A9AF26335697002282CE /* UserApiService */,
				2436A9B826335698002282CE /* UserApiServiceTests */,
			);
		};
/* End PBXProject section */

/* Begin PBXReferenceProxy section */
		2436A9D926335DB7002282CE /* NetworkingService.framework */ = {
			isa = PBXReferenceProxy;
			fileType = wrapper.framework;
			path = NetworkingService.framework;
			remoteRef = 2436A9D826335DB7002282CE /* PBXContainerItemProxy */;
			sourceTree = BUILT_PRODUCTS_DIR;
		};
		2436A9DB26335DB7002282CE /* NetworkingServiceTests.xctest */ = {
			isa = PBXReferenceProxy;
			fileType = wrapper.cfbundle;
			path = NetworkingServiceTests.xctest;
			remoteRef = 2436A9DA26335DB7002282CE /* PBXContainerItemProxy */;
			sourceTree = BUILT_PRODUCTS_DIR;
		};
		24D6508D2636E28800D81CC6 /* TestHelpers.framework */ = {
			isa = PBXReferenceProxy;
			fileType = wrapper.framework;
			path = TestHelpers.framework;
			remoteRef = 24D6508C2636E28800D81CC6 /* PBXContainerItemProxy */;
			sourceTree = BUILT_PRODUCTS_DIR;
		};
/* End PBXReferenceProxy section */

/* Begin PBXResourcesBuildPhase section */
		2436A9AE26335697002282CE /* Resources */ = {
			isa = PBXResourcesBuildPhase;
			buildActionMask = 2147483647;
			files = (
			);
			runOnlyForDeploymentPostprocessing = 0;
		};
		2436A9B726335698002282CE /* Resources */ = {
			isa = PBXResourcesBuildPhase;
			buildActionMask = 2147483647;
			files = (
			);
			runOnlyForDeploymentPostprocessing = 0;
		};
/* End PBXResourcesBuildPhase section */

/* Begin PBXSourcesBuildPhase section */
		2436A9AC26335697002282CE /* Sources */ = {
			isa = PBXSourcesBuildPhase;
			buildActionMask = 2147483647;
			files = (
				2436A9FE26336456002282CE /* Models.swift in Sources */,
				2436A9E926335FAD002282CE /* UserApiService.swift in Sources */,
				2436A9EE26335FF1002282CE /* UserApiRemote.swift in Sources */,
			);
			runOnlyForDeploymentPostprocessing = 0;
		};
		2436A9B526335698002282CE /* Sources */ = {
			isa = PBXSourcesBuildPhase;
			buildActionMask = 2147483647;
			files = (
				2436A9BF26335698002282CE /* UserApiServiceTests.swift in Sources */,
				2436AA02263368D0002282CE /* UserApiServiceTests+Helpers.swift in Sources */,
			);
			runOnlyForDeploymentPostprocessing = 0;
		};
/* End PBXSourcesBuildPhase section */

/* Begin PBXTargetDependency section */
		2436A9BC26335698002282CE /* PBXTargetDependency */ = {
			isa = PBXTargetDependency;
			target = 2436A9AF26335697002282CE /* UserApiService */;
			targetProxy = 2436A9BB26335698002282CE /* PBXContainerItemProxy */;
		};
		24D650902636E2C800D81CC6 /* PBXTargetDependency */ = {
			isa = PBXTargetDependency;
			name = TestHelpers;
			targetProxy = 24D6508F2636E2C800D81CC6 /* PBXContainerItemProxy */;
		};
/* End PBXTargetDependency section */

/* Begin XCBuildConfiguration section */
		2436A9C226335698002282CE /* Debug */ = {
			isa = XCBuildConfiguration;
			buildSettings = {
				ALWAYS_SEARCH_USER_PATHS = NO;
				CLANG_ANALYZER_NONNULL = YES;
				CLANG_ANALYZER_NUMBER_OBJECT_CONVERSION = YES_AGGRESSIVE;
				CLANG_CXX_LANGUAGE_STANDARD = "gnu++14";
				CLANG_CXX_LIBRARY = "libc++";
				CLANG_ENABLE_MODULES = YES;
				CLANG_ENABLE_OBJC_ARC = YES;
				CLANG_ENABLE_OBJC_WEAK = YES;
				CLANG_WARN_BLOCK_CAPTURE_AUTORELEASING = YES;
				CLANG_WARN_BOOL_CONVERSION = YES;
				CLANG_WARN_COMMA = YES;
				CLANG_WARN_CONSTANT_CONVERSION = YES;
				CLANG_WARN_DEPRECATED_OBJC_IMPLEMENTATIONS = YES;
				CLANG_WARN_DIRECT_OBJC_ISA_USAGE = YES_ERROR;
				CLANG_WARN_DOCUMENTATION_COMMENTS = YES;
				CLANG_WARN_EMPTY_BODY = YES;
				CLANG_WARN_ENUM_CONVERSION = YES;
				CLANG_WARN_INFINITE_RECURSION = YES;
				CLANG_WARN_INT_CONVERSION = YES;
				CLANG_WARN_NON_LITERAL_NULL_CONVERSION = YES;
				CLANG_WARN_OBJC_IMPLICIT_RETAIN_SELF = YES;
				CLANG_WARN_OBJC_LITERAL_CONVERSION = YES;
				CLANG_WARN_OBJC_ROOT_CLASS = YES_ERROR;
				CLANG_WARN_QUOTED_INCLUDE_IN_FRAMEWORK_HEADER = YES;
				CLANG_WARN_RANGE_LOOP_ANALYSIS = YES;
				CLANG_WARN_STRICT_PROTOTYPES = YES;
				CLANG_WARN_SUSPICIOUS_MOVE = YES;
				CLANG_WARN_UNGUARDED_AVAILABILITY = YES_AGGRESSIVE;
				CLANG_WARN_UNREACHABLE_CODE = YES;
				CLANG_WARN__DUPLICATE_METHOD_MATCH = YES;
				COPY_PHASE_STRIP = NO;
				CURRENT_PROJECT_VERSION = 1;
				DEBUG_INFORMATION_FORMAT = dwarf;
				ENABLE_STRICT_OBJC_MSGSEND = YES;
				ENABLE_TESTABILITY = YES;
				GCC_C_LANGUAGE_STANDARD = gnu11;
				GCC_DYNAMIC_NO_PIC = NO;
				GCC_NO_COMMON_BLOCKS = YES;
				GCC_OPTIMIZATION_LEVEL = 0;
				GCC_PREPROCESSOR_DEFINITIONS = (
					"DEBUG=1",
					"$(inherited)",
				);
				GCC_WARN_64_TO_32_BIT_CONVERSION = YES;
				GCC_WARN_ABOUT_RETURN_TYPE = YES_ERROR;
				GCC_WARN_UNDECLARED_SELECTOR = YES;
				GCC_WARN_UNINITIALIZED_AUTOS = YES_AGGRESSIVE;
				GCC_WARN_UNUSED_FUNCTION = YES;
				GCC_WARN_UNUSED_VARIABLE = YES;
				IPHONEOS_DEPLOYMENT_TARGET = 14.4;
				MTL_ENABLE_DEBUG_INFO = INCLUDE_SOURCE;
				MTL_FAST_MATH = YES;
				ONLY_ACTIVE_ARCH = YES;
				SDKROOT = iphoneos;
				SWIFT_ACTIVE_COMPILATION_CONDITIONS = DEBUG;
				SWIFT_OPTIMIZATION_LEVEL = "-Onone";
				VERSIONING_SYSTEM = "apple-generic";
				VERSION_INFO_PREFIX = "";
			};
			name = Debug;
		};
		2436A9C326335698002282CE /* Release */ = {
			isa = XCBuildConfiguration;
			buildSettings = {
				ALWAYS_SEARCH_USER_PATHS = NO;
				CLANG_ANALYZER_NONNULL = YES;
				CLANG_ANALYZER_NUMBER_OBJECT_CONVERSION = YES_AGGRESSIVE;
				CLANG_CXX_LANGUAGE_STANDARD = "gnu++14";
				CLANG_CXX_LIBRARY = "libc++";
				CLANG_ENABLE_MODULES = YES;
				CLANG_ENABLE_OBJC_ARC = YES;
				CLANG_ENABLE_OBJC_WEAK = YES;
				CLANG_WARN_BLOCK_CAPTURE_AUTORELEASING = YES;
				CLANG_WARN_BOOL_CONVERSION = YES;
				CLANG_WARN_COMMA = YES;
				CLANG_WARN_CONSTANT_CONVERSION = YES;
				CLANG_WARN_DEPRECATED_OBJC_IMPLEMENTATIONS = YES;
				CLANG_WARN_DIRECT_OBJC_ISA_USAGE = YES_ERROR;
				CLANG_WARN_DOCUMENTATION_COMMENTS = YES;
				CLANG_WARN_EMPTY_BODY = YES;
				CLANG_WARN_ENUM_CONVERSION = YES;
				CLANG_WARN_INFINITE_RECURSION = YES;
				CLANG_WARN_INT_CONVERSION = YES;
				CLANG_WARN_NON_LITERAL_NULL_CONVERSION = YES;
				CLANG_WARN_OBJC_IMPLICIT_RETAIN_SELF = YES;
				CLANG_WARN_OBJC_LITERAL_CONVERSION = YES;
				CLANG_WARN_OBJC_ROOT_CLASS = YES_ERROR;
				CLANG_WARN_QUOTED_INCLUDE_IN_FRAMEWORK_HEADER = YES;
				CLANG_WARN_RANGE_LOOP_ANALYSIS = YES;
				CLANG_WARN_STRICT_PROTOTYPES = YES;
				CLANG_WARN_SUSPICIOUS_MOVE = YES;
				CLANG_WARN_UNGUARDED_AVAILABILITY = YES_AGGRESSIVE;
				CLANG_WARN_UNREACHABLE_CODE = YES;
				CLANG_WARN__DUPLICATE_METHOD_MATCH = YES;
				COPY_PHASE_STRIP = NO;
				CURRENT_PROJECT_VERSION = 1;
				DEBUG_INFORMATION_FORMAT = "dwarf-with-dsym";
				ENABLE_NS_ASSERTIONS = NO;
				ENABLE_STRICT_OBJC_MSGSEND = YES;
				GCC_C_LANGUAGE_STANDARD = gnu11;
				GCC_NO_COMMON_BLOCKS = YES;
				GCC_WARN_64_TO_32_BIT_CONVERSION = YES;
				GCC_WARN_ABOUT_RETURN_TYPE = YES_ERROR;
				GCC_WARN_UNDECLARED_SELECTOR = YES;
				GCC_WARN_UNINITIALIZED_AUTOS = YES_AGGRESSIVE;
				GCC_WARN_UNUSED_FUNCTION = YES;
				GCC_WARN_UNUSED_VARIABLE = YES;
				IPHONEOS_DEPLOYMENT_TARGET = 14.4;
				MTL_ENABLE_DEBUG_INFO = NO;
				MTL_FAST_MATH = YES;
				SDKROOT = iphoneos;
				SWIFT_COMPILATION_MODE = wholemodule;
				SWIFT_OPTIMIZATION_LEVEL = "-O";
				VALIDATE_PRODUCT = YES;
				VERSIONING_SYSTEM = "apple-generic";
				VERSION_INFO_PREFIX = "";
			};
			name = Release;
		};
		2436A9C526335698002282CE /* Debug */ = {
			isa = XCBuildConfiguration;
			buildSettings = {
				CLANG_ENABLE_MODULES = YES;
				CODE_SIGN_STYLE = Automatic;
				DEFINES_MODULE = YES;
				DYLIB_COMPATIBILITY_VERSION = 1;
				DYLIB_CURRENT_VERSION = 1;
				DYLIB_INSTALL_NAME_BASE = "@rpath";
				INFOPLIST_FILE = UserApiService/Info.plist;
				INSTALL_PATH = "$(LOCAL_LIBRARY_DIR)/Frameworks";
				LD_RUNPATH_SEARCH_PATHS = (
					"$(inherited)",
					"@executable_path/Frameworks",
					"@loader_path/Frameworks",
				);
				PRODUCT_BUNDLE_IDENTIFIER = de.test.UserApiService;
				PRODUCT_NAME = "$(TARGET_NAME:c99extidentifier)";
				SKIP_INSTALL = YES;
				SWIFT_OPTIMIZATION_LEVEL = "-Onone";
				SWIFT_VERSION = 5.0;
				TARGETED_DEVICE_FAMILY = "1,2";
			};
			name = Debug;
		};
		2436A9C626335698002282CE /* Release */ = {
			isa = XCBuildConfiguration;
			buildSettings = {
				CLANG_ENABLE_MODULES = YES;
				CODE_SIGN_STYLE = Automatic;
				DEFINES_MODULE = YES;
				DYLIB_COMPATIBILITY_VERSION = 1;
				DYLIB_CURRENT_VERSION = 1;
				DYLIB_INSTALL_NAME_BASE = "@rpath";
				INFOPLIST_FILE = UserApiService/Info.plist;
				INSTALL_PATH = "$(LOCAL_LIBRARY_DIR)/Frameworks";
				LD_RUNPATH_SEARCH_PATHS = (
					"$(inherited)",
					"@executable_path/Frameworks",
					"@loader_path/Frameworks",
				);
				PRODUCT_BUNDLE_IDENTIFIER = de.test.UserApiService;
				PRODUCT_NAME = "$(TARGET_NAME:c99extidentifier)";
				SKIP_INSTALL = YES;
				SWIFT_VERSION = 5.0;
				TARGETED_DEVICE_FAMILY = "1,2";
			};
			name = Release;
		};
		2436A9C826335698002282CE /* Debug */ = {
			isa = XCBuildConfiguration;
			buildSettings = {
				ALWAYS_EMBED_SWIFT_STANDARD_LIBRARIES = YES;
				CODE_SIGN_STYLE = Automatic;
				INFOPLIST_FILE = UserApiServiceTests/Info.plist;
				LD_RUNPATH_SEARCH_PATHS = (
					"$(inherited)",
					"@executable_path/Frameworks",
					"@loader_path/Frameworks",
				);
				PRODUCT_BUNDLE_IDENTIFIER = de.test.UserApiServiceTests;
				PRODUCT_NAME = "$(TARGET_NAME)";
				SWIFT_VERSION = 5.0;
				TARGETED_DEVICE_FAMILY = "1,2";
			};
			name = Debug;
		};
		2436A9C926335698002282CE /* Release */ = {
			isa = XCBuildConfiguration;
			buildSettings = {
				ALWAYS_EMBED_SWIFT_STANDARD_LIBRARIES = YES;
				CODE_SIGN_STYLE = Automatic;
				INFOPLIST_FILE = UserApiServiceTests/Info.plist;
				LD_RUNPATH_SEARCH_PATHS = (
					"$(inherited)",
					"@executable_path/Frameworks",
					"@loader_path/Frameworks",
				);
				PRODUCT_BUNDLE_IDENTIFIER = de.test.UserApiServiceTests;
				PRODUCT_NAME = "$(TARGET_NAME)";
				SWIFT_VERSION = 5.0;
				TARGETED_DEVICE_FAMILY = "1,2";
			};
			name = Release;
		};
/* End XCBuildConfiguration section */

/* Begin XCConfigurationList section */
		2436A9AA26335697002282CE /* Build configuration list for PBXProject "UserApiService" */ = {
			isa = XCConfigurationList;
			buildConfigurations = (
				2436A9C226335698002282CE /* Debug */,
				2436A9C326335698002282CE /* Release */,
			);
			defaultConfigurationIsVisible = 0;
			defaultConfigurationName = Release;
		};
		2436A9C426335698002282CE /* Build configuration list for PBXNativeTarget "UserApiService" */ = {
			isa = XCConfigurationList;
			buildConfigurations = (
				2436A9C526335698002282CE /* Debug */,
				2436A9C626335698002282CE /* Release */,
			);
			defaultConfigurationIsVisible = 0;
			defaultConfigurationName = Release;
		};
		2436A9C726335698002282CE /* Build configuration list for PBXNativeTarget "UserApiServiceTests" */ = {
			isa = XCConfigurationList;
			buildConfigurations = (
				2436A9C826335698002282CE /* Debug */,
				2436A9C926335698002282CE /* Release */,
			);
			defaultConfigurationIsVisible = 0;
			defaultConfigurationName = Release;
		};
/* End XCConfigurationList section */
	};
	rootObject = 2436A9A726335697002282CE /* Project object */;
}
