// !$*UTF8*$!
{
	archiveVersion = 1;
	classes = {
	};
	objectVersion = 50;
	objects = {

/* Begin PBXBuildFile section */
		2471EF8F263488EF00E35A11 /* LoginSignupModule.framework in Frameworks */ = {isa = PBXBuildFile; fileRef = 2471EF85263488EF00E35A11 /* LoginSignupModule.framework */; };
		2471EF94263488EF00E35A11 /* LoginSignupModuleTests.swift in Sources */ = {isa = PBXBuildFile; fileRef = 2471EF93263488EF00E35A11 /* LoginSignupModuleTests.swift */; };
		2471EF96263488EF00E35A11 /* LoginSignupModule.h in Headers */ = {isa = PBXBuildFile; fileRef = 2471EF88263488EF00E35A11 /* LoginSignupModule.h */; settings = {ATTRIBUTES = (Public, ); }; };
		2471EFA626348AE200E35A11 /* LoginModelTests.swift in Sources */ = {isa = PBXBuildFile; fileRef = 2471EFA526348AE200E35A11 /* LoginModelTests.swift */; };
		2471EFAF26348D4400E35A11 /* LoginModelSpecs.swift in Sources */ = {isa = PBXBuildFile; fileRef = 2471EFAE26348D4400E35A11 /* LoginModelSpecs.swift */; };
/* End PBXBuildFile section */

/* Begin PBXContainerItemProxy section */
		2471EF90263488EF00E35A11 /* PBXContainerItemProxy */ = {
			isa = PBXContainerItemProxy;
			containerPortal = 2471EF7C263488EF00E35A11 /* Project object */;
			proxyType = 1;
			remoteGlobalIDString = 2471EF84263488EF00E35A11;
			remoteInfo = LoginSignupModule;
		};
/* End PBXContainerItemProxy section */

/* Begin PBXFileReference section */
		2471EF85263488EF00E35A11 /* LoginSignupModule.framework */ = {isa = PBXFileReference; explicitFileType = wrapper.framework; includeInIndex = 0; path = LoginSignupModule.framework; sourceTree = BUILT_PRODUCTS_DIR; };
		2471EF88263488EF00E35A11 /* LoginSignupModule.h */ = {isa = PBXFileReference; lastKnownFileType = sourcecode.c.h; path = LoginSignupModule.h; sourceTree = "<group>"; };
		2471EF89263488EF00E35A11 /* Info.plist */ = {isa = PBXFileReference; lastKnownFileType = text.plist.xml; path = Info.plist; sourceTree = "<group>"; };
		2471EF8E263488EF00E35A11 /* LoginSignupModuleTests.xctest */ = {isa = PBXFileReference; explicitFileType = wrapper.cfbundle; includeInIndex = 0; path = LoginSignupModuleTests.xctest; sourceTree = BUILT_PRODUCTS_DIR; };
		2471EF93263488EF00E35A11 /* LoginSignupModuleTests.swift */ = {isa = PBXFileReference; lastKnownFileType = sourcecode.swift; path = LoginSignupModuleTests.swift; sourceTree = "<group>"; };
		2471EF95263488EF00E35A11 /* Info.plist */ = {isa = PBXFileReference; lastKnownFileType = text.plist.xml; path = Info.plist; sourceTree = "<group>"; };
		2471EFA526348AE200E35A11 /* LoginModelTests.swift */ = {isa = PBXFileReference; lastKnownFileType = sourcecode.swift; path = LoginModelTests.swift; sourceTree = "<group>"; };
		2471EFAE26348D4400E35A11 /* LoginModelSpecs.swift */ = {isa = PBXFileReference; lastKnownFileType = sourcecode.swift; path = LoginModelSpecs.swift; sourceTree = "<group>"; };
/* End PBXFileReference section */

/* Begin PBXFrameworksBuildPhase section */
		2471EF82263488EF00E35A11 /* Frameworks */ = {
			isa = PBXFrameworksBuildPhase;
			buildActionMask = 2147483647;
			files = (
			);
			runOnlyForDeploymentPostprocessing = 0;
		};
		2471EF8B263488EF00E35A11 /* Frameworks */ = {
			isa = PBXFrameworksBuildPhase;
			buildActionMask = 2147483647;
			files = (
				2471EF8F263488EF00E35A11 /* LoginSignupModule.framework in Frameworks */,
			);
			runOnlyForDeploymentPostprocessing = 0;
		};
/* End PBXFrameworksBuildPhase section */

/* Begin PBXGroup section */
		2471EF7B263488EF00E35A11 = {
			isa = PBXGroup;
			children = (
				2471EF87263488EF00E35A11 /* LoginSignupModule */,
				2471EF92263488EF00E35A11 /* LoginSignupModuleTests */,
				2471EF86263488EF00E35A11 /* Products */,
			);
			sourceTree = "<group>";
		};
		2471EF86263488EF00E35A11 /* Products */ = {
			isa = PBXGroup;
			children = (
				2471EF85263488EF00E35A11 /* LoginSignupModule.framework */,
				2471EF8E263488EF00E35A11 /* LoginSignupModuleTests.xctest */,
			);
			name = Products;
			sourceTree = "<group>";
		};
		2471EF87263488EF00E35A11 /* LoginSignupModule */ = {
			isa = PBXGroup;
			children = (
				2471EFA326348A2C00E35A11 /* Protocols */,
				2471EFA226348A2200E35A11 /* Controllers */,
				2471EFA126348A1800E35A11 /* Model */,
				2471EF88263488EF00E35A11 /* LoginSignupModule.h */,
				2471EF89263488EF00E35A11 /* Info.plist */,
			);
			path = LoginSignupModule;
			sourceTree = "<group>";
		};
		2471EF92263488EF00E35A11 /* LoginSignupModuleTests */ = {
			isa = PBXGroup;
			children = (
				2471EFA426348A4800E35A11 /* Model */,
				2471EF93263488EF00E35A11 /* LoginSignupModuleTests.swift */,
				2471EF95263488EF00E35A11 /* Info.plist */,
			);
			path = LoginSignupModuleTests;
			sourceTree = "<group>";
		};
		2471EFA126348A1800E35A11 /* Model */ = {
			isa = PBXGroup;
			children = (
			);
			path = Model;
			sourceTree = "<group>";
		};
		2471EFA226348A2200E35A11 /* Controllers */ = {
			isa = PBXGroup;
			children = (
			);
			path = Controllers;
			sourceTree = "<group>";
		};
		2471EFA326348A2C00E35A11 /* Protocols */ = {
			isa = PBXGroup;
			children = (
			);
			path = Protocols;
			sourceTree = "<group>";
		};
		2471EFA426348A4800E35A11 /* Model */ = {
			isa = PBXGroup;
			children = (
				2471EFAB26348C4300E35A11 /* Specs */,
				2471EFA526348AE200E35A11 /* LoginModelTests.swift */,
			);
			path = Model;
			sourceTree = "<group>";
		};
		2471EFAB26348C4300E35A11 /* Specs */ = {
			isa = PBXGroup;
			children = (
				2471EFAE26348D4400E35A11 /* LoginModelSpecs.swift */,
			);
			path = Specs;
			sourceTree = "<group>";
		};
/* End PBXGroup section */

/* Begin PBXHeadersBuildPhase section */
		2471EF80263488EF00E35A11 /* Headers */ = {
			isa = PBXHeadersBuildPhase;
			buildActionMask = 2147483647;
			files = (
				2471EF96263488EF00E35A11 /* LoginSignupModule.h in Headers */,
			);
			runOnlyForDeploymentPostprocessing = 0;
		};
/* End PBXHeadersBuildPhase section */

/* Begin PBXNativeTarget section */
		2471EF84263488EF00E35A11 /* LoginSignupModule */ = {
			isa = PBXNativeTarget;
			buildConfigurationList = 2471EF99263488EF00E35A11 /* Build configuration list for PBXNativeTarget "LoginSignupModule" */;
			buildPhases = (
				2471EF80263488EF00E35A11 /* Headers */,
				2471EF81263488EF00E35A11 /* Sources */,
				2471EF82263488EF00E35A11 /* Frameworks */,
				2471EF83263488EF00E35A11 /* Resources */,
			);
			buildRules = (
			);
			dependencies = (
			);
			name = LoginSignupModule;
			productName = LoginSignupModule;
			productReference = 2471EF85263488EF00E35A11 /* LoginSignupModule.framework */;
			productType = "com.apple.product-type.framework";
		};
		2471EF8D263488EF00E35A11 /* LoginSignupModuleTests */ = {
			isa = PBXNativeTarget;
			buildConfigurationList = 2471EF9C263488EF00E35A11 /* Build configuration list for PBXNativeTarget "LoginSignupModuleTests" */;
			buildPhases = (
				2471EF8A263488EF00E35A11 /* Sources */,
				2471EF8B263488EF00E35A11 /* Frameworks */,
				2471EF8C263488EF00E35A11 /* Resources */,
			);
			buildRules = (
			);
			dependencies = (
				2471EF91263488EF00E35A11 /* PBXTargetDependency */,
			);
			name = LoginSignupModuleTests;
			productName = LoginSignupModuleTests;
			productReference = 2471EF8E263488EF00E35A11 /* LoginSignupModuleTests.xctest */;
			productType = "com.apple.product-type.bundle.unit-test";
		};
/* End PBXNativeTarget section */

/* Begin PBXProject section */
		2471EF7C263488EF00E35A11 /* Project object */ = {
			isa = PBXProject;
			attributes = {
				LastSwiftUpdateCheck = 1240;
				LastUpgradeCheck = 1240;
				TargetAttributes = {
					2471EF84263488EF00E35A11 = {
						CreatedOnToolsVersion = 12.4;
					};
					2471EF8D263488EF00E35A11 = {
						CreatedOnToolsVersion = 12.4;
					};
				};
			};
			buildConfigurationList = 2471EF7F263488EF00E35A11 /* Build configuration list for PBXProject "LoginSignupModule" */;
			compatibilityVersion = "Xcode 9.3";
			developmentRegion = en;
			hasScannedForEncodings = 0;
			knownRegions = (
				en,
				Base,
			);
			mainGroup = 2471EF7B263488EF00E35A11;
			productRefGroup = 2471EF86263488EF00E35A11 /* Products */;
			projectDirPath = "";
			projectRoot = "";
			targets = (
				2471EF84263488EF00E35A11 /* LoginSignupModule */,
				2471EF8D263488EF00E35A11 /* LoginSignupModuleTests */,
			);
		};
/* End PBXProject section */

/* Begin PBXResourcesBuildPhase section */
		2471EF83263488EF00E35A11 /* Resources */ = {
			isa = PBXResourcesBuildPhase;
			buildActionMask = 2147483647;
			files = (
			);
			runOnlyForDeploymentPostprocessing = 0;
		};
		2471EF8C263488EF00E35A11 /* Resources */ = {
			isa = PBXResourcesBuildPhase;
			buildActionMask = 2147483647;
			files = (
			);
			runOnlyForDeploymentPostprocessing = 0;
		};
/* End PBXResourcesBuildPhase section */

/* Begin PBXSourcesBuildPhase section */
		2471EF81263488EF00E35A11 /* Sources */ = {
			isa = PBXSourcesBuildPhase;
			buildActionMask = 2147483647;
			files = (
			);
			runOnlyForDeploymentPostprocessing = 0;
		};
		2471EF8A263488EF00E35A11 /* Sources */ = {
			isa = PBXSourcesBuildPhase;
			buildActionMask = 2147483647;
			files = (
				2471EFAF26348D4400E35A11 /* LoginModelSpecs.swift in Sources */,
				2471EF94263488EF00E35A11 /* LoginSignupModuleTests.swift in Sources */,
				2471EFA626348AE200E35A11 /* LoginModelTests.swift in Sources */,
			);
			runOnlyForDeploymentPostprocessing = 0;
		};
/* End PBXSourcesBuildPhase section */

/* Begin PBXTargetDependency section */
		2471EF91263488EF00E35A11 /* PBXTargetDependency */ = {
			isa = PBXTargetDependency;
			target = 2471EF84263488EF00E35A11 /* LoginSignupModule */;
			targetProxy = 2471EF90263488EF00E35A11 /* PBXContainerItemProxy */;
		};
/* End PBXTargetDependency section */

/* Begin XCBuildConfiguration section */
		2471EF97263488EF00E35A11 /* Debug */ = {
			isa = XCBuildConfiguration;
			buildSettings = {
				ALWAYS_SEARCH_USER_PATHS = NO;
				CLANG_ANALYZER_NONNULL = YES;
				CLANG_ANALYZER_NUMBER_OBJECT_CONVERSION = YES_AGGRESSIVE;
				CLANG_CXX_LANGUAGE_STANDARD = "gnu++14";
				CLANG_CXX_LIBRARY = "libc++";
				CLANG_ENABLE_MODULES = YES;
				CLANG_ENABLE_OBJC_ARC = YES;
				CLANG_ENABLE_OBJC_WEAK = YES;
				CLANG_WARN_BLOCK_CAPTURE_AUTORELEASING = YES;
				CLANG_WARN_BOOL_CONVERSION = YES;
				CLANG_WARN_COMMA = YES;
				CLANG_WARN_CONSTANT_CONVERSION = YES;
				CLANG_WARN_DEPRECATED_OBJC_IMPLEMENTATIONS = YES;
				CLANG_WARN_DIRECT_OBJC_ISA_USAGE = YES_ERROR;
				CLANG_WARN_DOCUMENTATION_COMMENTS = YES;
				CLANG_WARN_EMPTY_BODY = YES;
				CLANG_WARN_ENUM_CONVERSION = YES;
				CLANG_WARN_INFINITE_RECURSION = YES;
				CLANG_WARN_INT_CONVERSION = YES;
				CLANG_WARN_NON_LITERAL_NULL_CONVERSION = YES;
				CLANG_WARN_OBJC_IMPLICIT_RETAIN_SELF = YES;
				CLANG_WARN_OBJC_LITERAL_CONVERSION = YES;
				CLANG_WARN_OBJC_ROOT_CLASS = YES_ERROR;
				CLANG_WARN_QUOTED_INCLUDE_IN_FRAMEWORK_HEADER = YES;
				CLANG_WARN_RANGE_LOOP_ANALYSIS = YES;
				CLANG_WARN_STRICT_PROTOTYPES = YES;
				CLANG_WARN_SUSPICIOUS_MOVE = YES;
				CLANG_WARN_UNGUARDED_AVAILABILITY = YES_AGGRESSIVE;
				CLANG_WARN_UNREACHABLE_CODE = YES;
				CLANG_WARN__DUPLICATE_METHOD_MATCH = YES;
				COPY_PHASE_STRIP = NO;
				CURRENT_PROJECT_VERSION = 1;
				DEBUG_INFORMATION_FORMAT = dwarf;
				ENABLE_STRICT_OBJC_MSGSEND = YES;
				ENABLE_TESTABILITY = YES;
				GCC_C_LANGUAGE_STANDARD = gnu11;
				GCC_DYNAMIC_NO_PIC = NO;
				GCC_NO_COMMON_BLOCKS = YES;
				GCC_OPTIMIZATION_LEVEL = 0;
				GCC_PREPROCESSOR_DEFINITIONS = (
					"DEBUG=1",
					"$(inherited)",
				);
				GCC_WARN_64_TO_32_BIT_CONVERSION = YES;
				GCC_WARN_ABOUT_RETURN_TYPE = YES_ERROR;
				GCC_WARN_UNDECLARED_SELECTOR = YES;
				GCC_WARN_UNINITIALIZED_AUTOS = YES_AGGRESSIVE;
				GCC_WARN_UNUSED_FUNCTION = YES;
				GCC_WARN_UNUSED_VARIABLE = YES;
				IPHONEOS_DEPLOYMENT_TARGET = 14.4;
				MTL_ENABLE_DEBUG_INFO = INCLUDE_SOURCE;
				MTL_FAST_MATH = YES;
				ONLY_ACTIVE_ARCH = YES;
				SDKROOT = iphoneos;
				SWIFT_ACTIVE_COMPILATION_CONDITIONS = DEBUG;
				SWIFT_OPTIMIZATION_LEVEL = "-Onone";
				VERSIONING_SYSTEM = "apple-generic";
				VERSION_INFO_PREFIX = "";
			};
			name = Debug;
		};
		2471EF98263488EF00E35A11 /* Release */ = {
			isa = XCBuildConfiguration;
			buildSettings = {
				ALWAYS_SEARCH_USER_PATHS = NO;
				CLANG_ANALYZER_NONNULL = YES;
				CLANG_ANALYZER_NUMBER_OBJECT_CONVERSION = YES_AGGRESSIVE;
				CLANG_CXX_LANGUAGE_STANDARD = "gnu++14";
				CLANG_CXX_LIBRARY = "libc++";
				CLANG_ENABLE_MODULES = YES;
				CLANG_ENABLE_OBJC_ARC = YES;
				CLANG_ENABLE_OBJC_WEAK = YES;
				CLANG_WARN_BLOCK_CAPTURE_AUTORELEASING = YES;
				CLANG_WARN_BOOL_CONVERSION = YES;
				CLANG_WARN_COMMA = YES;
				CLANG_WARN_CONSTANT_CONVERSION = YES;
				CLANG_WARN_DEPRECATED_OBJC_IMPLEMENTATIONS = YES;
				CLANG_WARN_DIRECT_OBJC_ISA_USAGE = YES_ERROR;
				CLANG_WARN_DOCUMENTATION_COMMENTS = YES;
				CLANG_WARN_EMPTY_BODY = YES;
				CLANG_WARN_ENUM_CONVERSION = YES;
				CLANG_WARN_INFINITE_RECURSION = YES;
				CLANG_WARN_INT_CONVERSION = YES;
				CLANG_WARN_NON_LITERAL_NULL_CONVERSION = YES;
				CLANG_WARN_OBJC_IMPLICIT_RETAIN_SELF = YES;
				CLANG_WARN_OBJC_LITERAL_CONVERSION = YES;
				CLANG_WARN_OBJC_ROOT_CLASS = YES_ERROR;
				CLANG_WARN_QUOTED_INCLUDE_IN_FRAMEWORK_HEADER = YES;
				CLANG_WARN_RANGE_LOOP_ANALYSIS = YES;
				CLANG_WARN_STRICT_PROTOTYPES = YES;
				CLANG_WARN_SUSPICIOUS_MOVE = YES;
				CLANG_WARN_UNGUARDED_AVAILABILITY = YES_AGGRESSIVE;
				CLANG_WARN_UNREACHABLE_CODE = YES;
				CLANG_WARN__DUPLICATE_METHOD_MATCH = YES;
				COPY_PHASE_STRIP = NO;
				CURRENT_PROJECT_VERSION = 1;
				DEBUG_INFORMATION_FORMAT = "dwarf-with-dsym";
				ENABLE_NS_ASSERTIONS = NO;
				ENABLE_STRICT_OBJC_MSGSEND = YES;
				GCC_C_LANGUAGE_STANDARD = gnu11;
				GCC_NO_COMMON_BLOCKS = YES;
				GCC_WARN_64_TO_32_BIT_CONVERSION = YES;
				GCC_WARN_ABOUT_RETURN_TYPE = YES_ERROR;
				GCC_WARN_UNDECLARED_SELECTOR = YES;
				GCC_WARN_UNINITIALIZED_AUTOS = YES_AGGRESSIVE;
				GCC_WARN_UNUSED_FUNCTION = YES;
				GCC_WARN_UNUSED_VARIABLE = YES;
				IPHONEOS_DEPLOYMENT_TARGET = 14.4;
				MTL_ENABLE_DEBUG_INFO = NO;
				MTL_FAST_MATH = YES;
				SDKROOT = iphoneos;
				SWIFT_COMPILATION_MODE = wholemodule;
				SWIFT_OPTIMIZATION_LEVEL = "-O";
				VALIDATE_PRODUCT = YES;
				VERSIONING_SYSTEM = "apple-generic";
				VERSION_INFO_PREFIX = "";
			};
			name = Release;
		};
		2471EF9A263488EF00E35A11 /* Debug */ = {
			isa = XCBuildConfiguration;
			buildSettings = {
				CODE_SIGN_STYLE = Automatic;
				DEFINES_MODULE = YES;
				DYLIB_COMPATIBILITY_VERSION = 1;
				DYLIB_CURRENT_VERSION = 1;
				DYLIB_INSTALL_NAME_BASE = "@rpath";
				INFOPLIST_FILE = LoginSignupModule/Info.plist;
				INSTALL_PATH = "$(LOCAL_LIBRARY_DIR)/Frameworks";
				LD_RUNPATH_SEARCH_PATHS = (
					"$(inherited)",
					"@executable_path/Frameworks",
					"@loader_path/Frameworks",
				);
				PRODUCT_BUNDLE_IDENTIFIER = de.test.LoginSignupModule;
				PRODUCT_NAME = "$(TARGET_NAME:c99extidentifier)";
				SKIP_INSTALL = YES;
				SWIFT_VERSION = 5.0;
				TARGETED_DEVICE_FAMILY = "1,2";
			};
			name = Debug;
		};
		2471EF9B263488EF00E35A11 /* Release */ = {
			isa = XCBuildConfiguration;
			buildSettings = {
				CODE_SIGN_STYLE = Automatic;
				DEFINES_MODULE = YES;
				DYLIB_COMPATIBILITY_VERSION = 1;
				DYLIB_CURRENT_VERSION = 1;
				DYLIB_INSTALL_NAME_BASE = "@rpath";
				INFOPLIST_FILE = LoginSignupModule/Info.plist;
				INSTALL_PATH = "$(LOCAL_LIBRARY_DIR)/Frameworks";
				LD_RUNPATH_SEARCH_PATHS = (
					"$(inherited)",
					"@executable_path/Frameworks",
					"@loader_path/Frameworks",
				);
				PRODUCT_BUNDLE_IDENTIFIER = de.test.LoginSignupModule;
				PRODUCT_NAME = "$(TARGET_NAME:c99extidentifier)";
				SKIP_INSTALL = YES;
				SWIFT_VERSION = 5.0;
				TARGETED_DEVICE_FAMILY = "1,2";
			};
			name = Release;
		};
		2471EF9D263488EF00E35A11 /* Debug */ = {
			isa = XCBuildConfiguration;
			buildSettings = {
				CODE_SIGN_STYLE = Automatic;
				INFOPLIST_FILE = LoginSignupModuleTests/Info.plist;
				LD_RUNPATH_SEARCH_PATHS = (
					"$(inherited)",
					"@executable_path/Frameworks",
					"@loader_path/Frameworks",
				);
				PRODUCT_BUNDLE_IDENTIFIER = de.test.LoginSignupModuleTests;
				PRODUCT_NAME = "$(TARGET_NAME)";
				SWIFT_VERSION = 5.0;
				TARGETED_DEVICE_FAMILY = "1,2";
			};
			name = Debug;
		};
		2471EF9E263488EF00E35A11 /* Release */ = {
			isa = XCBuildConfiguration;
			buildSettings = {
				CODE_SIGN_STYLE = Automatic;
				INFOPLIST_FILE = LoginSignupModuleTests/Info.plist;
				LD_RUNPATH_SEARCH_PATHS = (
					"$(inherited)",
					"@executable_path/Frameworks",
					"@loader_path/Frameworks",
				);
				PRODUCT_BUNDLE_IDENTIFIER = de.test.LoginSignupModuleTests;
				PRODUCT_NAME = "$(TARGET_NAME)";
				SWIFT_VERSION = 5.0;
				TARGETED_DEVICE_FAMILY = "1,2";
			};
			name = Release;
		};
/* End XCBuildConfiguration section */

/* Begin XCConfigurationList section */
		2471EF7F263488EF00E35A11 /* Build configuration list for PBXProject "LoginSignupModule" */ = {
			isa = XCConfigurationList;
			buildConfigurations = (
				2471EF97263488EF00E35A11 /* Debug */,
				2471EF98263488EF00E35A11 /* Release */,
			);
			defaultConfigurationIsVisible = 0;
			defaultConfigurationName = Release;
		};
		2471EF99263488EF00E35A11 /* Build configuration list for PBXNativeTarget "LoginSignupModule" */ = {
			isa = XCConfigurationList;
			buildConfigurations = (
				2471EF9A263488EF00E35A11 /* Debug */,
				2471EF9B263488EF00E35A11 /* Release */,
			);
			defaultConfigurationIsVisible = 0;
			defaultConfigurationName = Release;
		};
		2471EF9C263488EF00E35A11 /* Build configuration list for PBXNativeTarget "LoginSignupModuleTests" */ = {
			isa = XCConfigurationList;
			buildConfigurations = (
				2471EF9D263488EF00E35A11 /* Debug */,
				2471EF9E263488EF00E35A11 /* Release */,
			);
			defaultConfigurationIsVisible = 0;
			defaultConfigurationName = Release;
		};
/* End XCConfigurationList section */
	};
	rootObject = 2471EF7C263488EF00E35A11 /* Project object */;
}
